{
  "object": {
    "pins": [
      {
        "package": "BottomSheet",
        "repositoryURL": "https://github.com/LucasMucGH/BottomSheet",
        "state": {
          "branch": "main",
          "revision": "3b65f28f30ab0d46761f66a95ea59b5729914c4d",
          "version": null
        }
      }
    ]
  },
  "version": 1
}
