{
  "object": {
    "pins": [
      {
        "package": "BottomSheet",
        "repositoryURL": "https://github.com/LucasMucGH/BottomSheet",
        "state": {
          "branch": null,
          "revision": "17023325f8375a004bb44a5ff9e04f795a393e3a",
          "version": "2.5.0"
        }
      }
    ]
  },
  "version": 1
}
