// !$*UTF8*$!
{
	archiveVersion = 1;
	classes = {
	};
	objectVersion = 50;
	objects = {

/* Begin PBXBuildFile section */
		8D0D7FE024F102030068176C /* CostumTabBaButtonr.swift in Sources */ = {isa = PBXBuildFile; fileRef = 8D0D7FDF24F102030068176C /* CostumTabBaButtonr.swift */; };
		8D0D7FE224F107B60068176C /* OverView.swift in Sources */ = {isa = PBXBuildFile; fileRef = 8D0D7FE124F107B60068176C /* OverView.swift */; };
		8D0D7FE424F107C10068176C /* FavoritesView.swift in Sources */ = {isa = PBXBuildFile; fileRef = 8D0D7FE324F107C10068176C /* FavoritesView.swift */; };
		8D0D7FE624F107D30068176C /* SettingsView.swift in Sources */ = {isa = PBXBuildFile; fileRef = 8D0D7FE524F107D30068176C /* SettingsView.swift */; };
		8D0D7FE824F10F610068176C /* LakesData.swift in Sources */ = {isa = PBXBuildFile; fileRef = 8D0D7FE724F10F610068176C /* LakesData.swift */; };
		8D0D7FEA24F1109A0068176C /* LakeScrollItem.swift in Sources */ = {isa = PBXBuildFile; fileRef = 8D0D7FE924F1109A0068176C /* LakeScrollItem.swift */; };
		8D6A7DC624F14115009A0026 /* LakeOverView.swift in Sources */ = {isa = PBXBuildFile; fileRef = 8D6A7DC524F14115009A0026 /* LakeOverView.swift */; };
		8D6A7DC824F15187009A0026 /* SensorOverView.swift in Sources */ = {isa = PBXBuildFile; fileRef = 8D6A7DC724F15187009A0026 /* SensorOverView.swift */; };
		8D9B0FCF24F3A2E7003502C8 /* WidgetKit.framework in Frameworks */ = {isa = PBXBuildFile; fileRef = 8D9B0FCE24F3A2E7003502C8 /* WidgetKit.framework */; };
		8D9B0FD124F3A2E7003502C8 /* SwiftUI.framework in Frameworks */ = {isa = PBXBuildFile; fileRef = 8D9B0FD024F3A2E7003502C8 /* SwiftUI.framework */; };
		8D9B0FD424F3A2E7003502C8 /* GfroerliWidget.swift in Sources */ = {isa = PBXBuildFile; fileRef = 8D9B0FD324F3A2E7003502C8 /* GfroerliWidget.swift */; };
		8D9B0FD624F3A2E8003502C8 /* Assets.xcassets in Resources */ = {isa = PBXBuildFile; fileRef = 8D9B0FD524F3A2E8003502C8 /* Assets.xcassets */; };
		8D9B0FDA24F3A2E8003502C8 /* GfroerliWidgetExtension.appex in Embed App Extensions */ = {isa = PBXBuildFile; fileRef = 8D9B0FCC24F3A2E7003502C8 /* GfroerliWidgetExtension.appex */; settings = {ATTRIBUTES = (RemoveHeadersOnCopy, ); }; };
		8D9B0FE424F3BEA4003502C8 /* WaveShape.swift in Sources */ = {isa = PBXBuildFile; fileRef = 8D9B0FE324F3BEA4003502C8 /* WaveShape.swift */; };
		8D9B0FE524F3BEA4003502C8 /* WaveShape.swift in Sources */ = {isa = PBXBuildFile; fileRef = 8D9B0FE324F3BEA4003502C8 /* WaveShape.swift */; };
		E438B4CC24ACFB7D008A2E01 /* iOSMainView.swift in Sources */ = {isa = PBXBuildFile; fileRef = E438B4CB24ACFB7D008A2E01 /* iOSMainView.swift */; };
		E44EA3AD24EEA7EA00380E27 /* MapExtension.swift in Sources */ = {isa = PBXBuildFile; fileRef = E44EA3AC24EEA7EA00380E27 /* MapExtension.swift */; };
		E461458424A34831006233AE /* Tests_iOS.swift in Sources */ = {isa = PBXBuildFile; fileRef = E461458324A34831006233AE /* Tests_iOS.swift */; };
		E461458F24A34831006233AE /* Tests_macOS.swift in Sources */ = {isa = PBXBuildFile; fileRef = E461458E24A34831006233AE /* Tests_macOS.swift */; };
		E461459124A34831006233AE /* GfrorliApp.swift in Sources */ = {isa = PBXBuildFile; fileRef = E461456824A34823006233AE /* GfrorliApp.swift */; };
		E461459224A34831006233AE /* GfrorliApp.swift in Sources */ = {isa = PBXBuildFile; fileRef = E461456824A34823006233AE /* GfrorliApp.swift */; };
		E461459524A34831006233AE /* Assets.xcassets in Resources */ = {isa = PBXBuildFile; fileRef = E461456A24A34831006233AE /* Assets.xcassets */; };
		E461459624A34831006233AE /* Assets.xcassets in Resources */ = {isa = PBXBuildFile; fileRef = E461456A24A34831006233AE /* Assets.xcassets */; };
		E4C24FE724EEB58400FB4F51 /* Sensors.swift in Sources */ = {isa = PBXBuildFile; fileRef = E4C24FE624EEB58400FB4F51 /* Sensors.swift */; };
		E4C24FE924EEB5AA00FB4F51 /* Measurements.swift in Sources */ = {isa = PBXBuildFile; fileRef = E4C24FE824EEB5AA00FB4F51 /* Measurements.swift */; };
/* End PBXBuildFile section */

/* Begin PBXContainerItemProxy section */
		8D9B0FD824F3A2E8003502C8 /* PBXContainerItemProxy */ = {
			isa = PBXContainerItemProxy;
			containerPortal = E461456324A34823006233AE /* Project object */;
			proxyType = 1;
			remoteGlobalIDString = 8D9B0FCB24F3A2E7003502C8;
			remoteInfo = GfroerliWidgetExtension;
		};
		E461458024A34831006233AE /* PBXContainerItemProxy */ = {
			isa = PBXContainerItemProxy;
			containerPortal = E461456324A34823006233AE /* Project object */;
			proxyType = 1;
			remoteGlobalIDString = E461456E24A34831006233AE;
			remoteInfo = iOS;
		};
		E461458B24A34831006233AE /* PBXContainerItemProxy */ = {
			isa = PBXContainerItemProxy;
			containerPortal = E461456324A34823006233AE /* Project object */;
			proxyType = 1;
			remoteGlobalIDString = E461457624A34831006233AE;
			remoteInfo = macOS;
		};
/* End PBXContainerItemProxy section */

/* Begin PBXCopyFilesBuildPhase section */
		8D9B0FDB24F3A2E8003502C8 /* Embed App Extensions */ = {
			isa = PBXCopyFilesBuildPhase;
			buildActionMask = 2147483647;
			dstPath = "";
			dstSubfolderSpec = 13;
			files = (
				8D9B0FDA24F3A2E8003502C8 /* GfroerliWidgetExtension.appex in Embed App Extensions */,
			);
			name = "Embed App Extensions";
			runOnlyForDeploymentPostprocessing = 0;
		};
/* End PBXCopyFilesBuildPhase section */

/* Begin PBXFileReference section */
		8D0D7FDF24F102030068176C /* CostumTabBaButtonr.swift */ = {isa = PBXFileReference; lastKnownFileType = sourcecode.swift; path = CostumTabBaButtonr.swift; sourceTree = "<group>"; };
		8D0D7FE124F107B60068176C /* OverView.swift */ = {isa = PBXFileReference; lastKnownFileType = sourcecode.swift; path = OverView.swift; sourceTree = "<group>"; };
		8D0D7FE324F107C10068176C /* FavoritesView.swift */ = {isa = PBXFileReference; lastKnownFileType = sourcecode.swift; path = FavoritesView.swift; sourceTree = "<group>"; };
		8D0D7FE524F107D30068176C /* SettingsView.swift */ = {isa = PBXFileReference; lastKnownFileType = sourcecode.swift; path = SettingsView.swift; sourceTree = "<group>"; };
		8D0D7FE724F10F610068176C /* LakesData.swift */ = {isa = PBXFileReference; lastKnownFileType = sourcecode.swift; path = LakesData.swift; sourceTree = "<group>"; };
		8D0D7FE924F1109A0068176C /* LakeScrollItem.swift */ = {isa = PBXFileReference; lastKnownFileType = sourcecode.swift; path = LakeScrollItem.swift; sourceTree = "<group>"; };
		8D6A7DC524F14115009A0026 /* LakeOverView.swift */ = {isa = PBXFileReference; lastKnownFileType = sourcecode.swift; path = LakeOverView.swift; sourceTree = "<group>"; };
		8D6A7DC724F15187009A0026 /* SensorOverView.swift */ = {isa = PBXFileReference; lastKnownFileType = sourcecode.swift; path = SensorOverView.swift; sourceTree = "<group>"; };
		8D9B0FCC24F3A2E7003502C8 /* GfroerliWidgetExtension.appex */ = {isa = PBXFileReference; explicitFileType = "wrapper.app-extension"; includeInIndex = 0; path = GfroerliWidgetExtension.appex; sourceTree = BUILT_PRODUCTS_DIR; };
		8D9B0FCE24F3A2E7003502C8 /* WidgetKit.framework */ = {isa = PBXFileReference; lastKnownFileType = wrapper.framework; name = WidgetKit.framework; path = System/Library/Frameworks/WidgetKit.framework; sourceTree = SDKROOT; };
		8D9B0FD024F3A2E7003502C8 /* SwiftUI.framework */ = {isa = PBXFileReference; lastKnownFileType = wrapper.framework; name = SwiftUI.framework; path = System/Library/Frameworks/SwiftUI.framework; sourceTree = SDKROOT; };
		8D9B0FD324F3A2E7003502C8 /* GfroerliWidget.swift */ = {isa = PBXFileReference; lastKnownFileType = sourcecode.swift; path = GfroerliWidget.swift; sourceTree = "<group>"; };
		8D9B0FD524F3A2E8003502C8 /* Assets.xcassets */ = {isa = PBXFileReference; lastKnownFileType = folder.assetcatalog; path = Assets.xcassets; sourceTree = "<group>"; };
		8D9B0FD724F3A2E8003502C8 /* Info.plist */ = {isa = PBXFileReference; lastKnownFileType = text.plist.xml; path = Info.plist; sourceTree = "<group>"; };
		8D9B0FDF24F3A35A003502C8 /* Gfror.li.entitlements */ = {isa = PBXFileReference; lastKnownFileType = text.plist.entitlements; path = Gfror.li.entitlements; sourceTree = "<group>"; };
		8D9B0FE024F3A3A3003502C8 /* GfroerliWidgetExtension.entitlements */ = {isa = PBXFileReference; lastKnownFileType = text.plist.entitlements; path = GfroerliWidgetExtension.entitlements; sourceTree = "<group>"; };
		8D9B0FE324F3BEA4003502C8 /* WaveShape.swift */ = {isa = PBXFileReference; lastKnownFileType = sourcecode.swift; path = WaveShape.swift; sourceTree = "<group>"; };
		E438B4CB24ACFB7D008A2E01 /* iOSMainView.swift */ = {isa = PBXFileReference; lastKnownFileType = sourcecode.swift; path = iOSMainView.swift; sourceTree = "<group>"; };
		E44EA3AC24EEA7EA00380E27 /* MapExtension.swift */ = {isa = PBXFileReference; lastKnownFileType = sourcecode.swift; path = MapExtension.swift; sourceTree = "<group>"; };
		E461456824A34823006233AE /* GfrorliApp.swift */ = {isa = PBXFileReference; lastKnownFileType = sourcecode.swift; path = GfrorliApp.swift; sourceTree = "<group>"; };
		E461456A24A34831006233AE /* Assets.xcassets */ = {isa = PBXFileReference; lastKnownFileType = folder.assetcatalog; path = Assets.xcassets; sourceTree = "<group>"; };
		E461456F24A34831006233AE /* Gfror.li.app */ = {isa = PBXFileReference; explicitFileType = wrapper.application; includeInIndex = 0; path = Gfror.li.app; sourceTree = BUILT_PRODUCTS_DIR; };
		E461457224A34831006233AE /* Info.plist */ = {isa = PBXFileReference; lastKnownFileType = text.plist.xml; path = Info.plist; sourceTree = "<group>"; };
		E461457724A34831006233AE /* Gfrör.li.app */ = {isa = PBXFileReference; explicitFileType = wrapper.application; includeInIndex = 0; name = "Gfrör.li.app"; path = Gfror.li.app; sourceTree = BUILT_PRODUCTS_DIR; };
		E461457924A34831006233AE /* Info.plist */ = {isa = PBXFileReference; lastKnownFileType = text.plist.xml; path = Info.plist; sourceTree = "<group>"; };
		E461457A24A34831006233AE /* macOS.entitlements */ = {isa = PBXFileReference; lastKnownFileType = text.plist.entitlements; path = macOS.entitlements; sourceTree = "<group>"; };
		E461457F24A34831006233AE /* Tests iOS.xctest */ = {isa = PBXFileReference; explicitFileType = wrapper.cfbundle; includeInIndex = 0; path = "Tests iOS.xctest"; sourceTree = BUILT_PRODUCTS_DIR; };
		E461458324A34831006233AE /* Tests_iOS.swift */ = {isa = PBXFileReference; lastKnownFileType = sourcecode.swift; path = Tests_iOS.swift; sourceTree = "<group>"; };
		E461458524A34831006233AE /* Info.plist */ = {isa = PBXFileReference; lastKnownFileType = text.plist.xml; path = Info.plist; sourceTree = "<group>"; };
		E461458A24A34831006233AE /* Tests macOS.xctest */ = {isa = PBXFileReference; explicitFileType = wrapper.cfbundle; includeInIndex = 0; path = "Tests macOS.xctest"; sourceTree = BUILT_PRODUCTS_DIR; };
		E461458E24A34831006233AE /* Tests_macOS.swift */ = {isa = PBXFileReference; lastKnownFileType = sourcecode.swift; path = Tests_macOS.swift; sourceTree = "<group>"; };
		E461459024A34831006233AE /* Info.plist */ = {isa = PBXFileReference; lastKnownFileType = text.plist.xml; path = Info.plist; sourceTree = "<group>"; };
		E4C24FE624EEB58400FB4F51 /* Sensors.swift */ = {isa = PBXFileReference; lastKnownFileType = sourcecode.swift; path = Sensors.swift; sourceTree = "<group>"; };
		E4C24FE824EEB5AA00FB4F51 /* Measurements.swift */ = {isa = PBXFileReference; lastKnownFileType = sourcecode.swift; path = Measurements.swift; sourceTree = "<group>"; };
/* End PBXFileReference section */

/* Begin PBXFrameworksBuildPhase section */
		8D9B0FC924F3A2E7003502C8 /* Frameworks */ = {
			isa = PBXFrameworksBuildPhase;
			buildActionMask = 2147483647;
			files = (
				8D9B0FD124F3A2E7003502C8 /* SwiftUI.framework in Frameworks */,
				8D9B0FCF24F3A2E7003502C8 /* WidgetKit.framework in Frameworks */,
			);
			runOnlyForDeploymentPostprocessing = 0;
		};
		E461456C24A34831006233AE /* Frameworks */ = {
			isa = PBXFrameworksBuildPhase;
			buildActionMask = 2147483647;
			files = (
			);
			runOnlyForDeploymentPostprocessing = 0;
		};
		E461457424A34831006233AE /* Frameworks */ = {
			isa = PBXFrameworksBuildPhase;
			buildActionMask = 2147483647;
			files = (
			);
			runOnlyForDeploymentPostprocessing = 0;
		};
		E461457C24A34831006233AE /* Frameworks */ = {
			isa = PBXFrameworksBuildPhase;
			buildActionMask = 2147483647;
			files = (
			);
			runOnlyForDeploymentPostprocessing = 0;
		};
		E461458724A34831006233AE /* Frameworks */ = {
			isa = PBXFrameworksBuildPhase;
			buildActionMask = 2147483647;
			files = (
			);
			runOnlyForDeploymentPostprocessing = 0;
		};
/* End PBXFrameworksBuildPhase section */

/* Begin PBXGroup section */
		8D0D7FDE24F101E70068176C /* CostumUI */ = {
			isa = PBXGroup;
			children = (
				8D0D7FDF24F102030068176C /* CostumTabBaButtonr.swift */,
				8D0D7FE924F1109A0068176C /* LakeScrollItem.swift */,
			);
			path = CostumUI;
			sourceTree = "<group>";
		};
		8D9B0FCD24F3A2E7003502C8 /* Frameworks */ = {
			isa = PBXGroup;
			children = (
				8D9B0FCE24F3A2E7003502C8 /* WidgetKit.framework */,
				8D9B0FD024F3A2E7003502C8 /* SwiftUI.framework */,
			);
			name = Frameworks;
			sourceTree = "<group>";
		};
		8D9B0FD224F3A2E7003502C8 /* GfroerliWidget */ = {
			isa = PBXGroup;
			children = (
				8D9B0FD324F3A2E7003502C8 /* GfroerliWidget.swift */,
				8D9B0FE324F3BEA4003502C8 /* WaveShape.swift */,
				8D9B0FD524F3A2E8003502C8 /* Assets.xcassets */,
				8D9B0FD724F3A2E8003502C8 /* Info.plist */,
			);
			path = GfroerliWidget;
			sourceTree = "<group>";
		};
		E438B4C924ACFB49008A2E01 /* iOSViews */ = {
			isa = PBXGroup;
			children = (
				8D0D7FDE24F101E70068176C /* CostumUI */,
				E438B4CB24ACFB7D008A2E01 /* iOSMainView.swift */,
				8D6A7DC524F14115009A0026 /* LakeOverView.swift */,
				8D6A7DC724F15187009A0026 /* SensorOverView.swift */,
				8D0D7FE124F107B60068176C /* OverView.swift */,
				8D0D7FE324F107C10068176C /* FavoritesView.swift */,
				8D0D7FE524F107D30068176C /* SettingsView.swift */,
			);
			path = iOSViews;
			sourceTree = "<group>";
		};
		E44EA3AE24EEA88200380E27 /* extensions */ = {
			isa = PBXGroup;
			children = (
				E44EA3AC24EEA7EA00380E27 /* MapExtension.swift */,
			);
			path = extensions;
			sourceTree = "<group>";
		};
		E461456224A34823006233AE = {
			isa = PBXGroup;
			children = (
				8D9B0FE024F3A3A3003502C8 /* GfroerliWidgetExtension.entitlements */,
				E461456724A34823006233AE /* Shared */,
				E461457124A34831006233AE /* iOS */,
				E461457824A34831006233AE /* macOS */,
				E461458224A34831006233AE /* Tests iOS */,
				E461458D24A34831006233AE /* Tests macOS */,
				8D9B0FD224F3A2E7003502C8 /* GfroerliWidget */,
				8D9B0FCD24F3A2E7003502C8 /* Frameworks */,
				E461457024A34831006233AE /* Products */,
			);
			sourceTree = "<group>";
		};
		E461456724A34823006233AE /* Shared */ = {
			isa = PBXGroup;
			children = (
				E4C24FE424EEB57500FB4F51 /* api */,
				E44EA3AE24EEA88200380E27 /* extensions */,
				E461456824A34823006233AE /* GfrorliApp.swift */,
				E461456A24A34831006233AE /* Assets.xcassets */,
				8D0D7FE724F10F610068176C /* LakesData.swift */,
			);
			path = Shared;
			sourceTree = "<group>";
		};
		E461457024A34831006233AE /* Products */ = {
			isa = PBXGroup;
			children = (
				E461456F24A34831006233AE /* Gfror.li.app */,
				E461457724A34831006233AE /* Gfrör.li.app */,
				E461457F24A34831006233AE /* Tests iOS.xctest */,
				E461458A24A34831006233AE /* Tests macOS.xctest */,
				8D9B0FCC24F3A2E7003502C8 /* GfroerliWidgetExtension.appex */,
			);
			name = Products;
			sourceTree = "<group>";
		};
		E461457124A34831006233AE /* iOS */ = {
			isa = PBXGroup;
			children = (
				8D9B0FDF24F3A35A003502C8 /* Gfror.li.entitlements */,
				E438B4C924ACFB49008A2E01 /* iOSViews */,
				E461457224A34831006233AE /* Info.plist */,
			);
			path = iOS;
			sourceTree = "<group>";
		};
		E461457824A34831006233AE /* macOS */ = {
			isa = PBXGroup;
			children = (
				E461457924A34831006233AE /* Info.plist */,
				E461457A24A34831006233AE /* macOS.entitlements */,
			);
			path = macOS;
			sourceTree = "<group>";
		};
		E461458224A34831006233AE /* Tests iOS */ = {
			isa = PBXGroup;
			children = (
				E461458324A34831006233AE /* Tests_iOS.swift */,
				E461458524A34831006233AE /* Info.plist */,
			);
			path = "Tests iOS";
			sourceTree = "<group>";
		};
		E461458D24A34831006233AE /* Tests macOS */ = {
			isa = PBXGroup;
			children = (
				E461458E24A34831006233AE /* Tests_macOS.swift */,
				E461459024A34831006233AE /* Info.plist */,
			);
			path = "Tests macOS";
			sourceTree = "<group>";
		};
		E4C24FE424EEB57500FB4F51 /* api */ = {
			isa = PBXGroup;
			children = (
				E4C24FE524EEB57A00FB4F51 /* models */,
			);
			path = api;
			sourceTree = "<group>";
		};
		E4C24FE524EEB57A00FB4F51 /* models */ = {
			isa = PBXGroup;
			children = (
				E4C24FE624EEB58400FB4F51 /* Sensors.swift */,
				E4C24FE824EEB5AA00FB4F51 /* Measurements.swift */,
			);
			path = models;
			sourceTree = "<group>";
		};
/* End PBXGroup section */

/* Begin PBXNativeTarget section */
		8D9B0FCB24F3A2E7003502C8 /* GfroerliWidgetExtension */ = {
			isa = PBXNativeTarget;
			buildConfigurationList = 8D9B0FDE24F3A2E8003502C8 /* Build configuration list for PBXNativeTarget "GfroerliWidgetExtension" */;
			buildPhases = (
				8D9B0FC824F3A2E7003502C8 /* Sources */,
				8D9B0FC924F3A2E7003502C8 /* Frameworks */,
				8D9B0FCA24F3A2E7003502C8 /* Resources */,
			);
			buildRules = (
			);
			dependencies = (
			);
			name = GfroerliWidgetExtension;
			productName = GfroerliWidgetExtension;
			productReference = 8D9B0FCC24F3A2E7003502C8 /* GfroerliWidgetExtension.appex */;
			productType = "com.apple.product-type.app-extension";
		};
		E461456E24A34831006233AE /* iOS */ = {
			isa = PBXNativeTarget;
			buildConfigurationList = E461459924A34831006233AE /* Build configuration list for PBXNativeTarget "iOS" */;
			buildPhases = (
				E461456B24A34831006233AE /* Sources */,
				E461456C24A34831006233AE /* Frameworks */,
				E461456D24A34831006233AE /* Resources */,
				8D9B0FDB24F3A2E8003502C8 /* Embed App Extensions */,
			);
			buildRules = (
			);
			dependencies = (
				8D9B0FD924F3A2E8003502C8 /* PBXTargetDependency */,
			);
			name = iOS;
			productName = iOS;
			productReference = E461456F24A34831006233AE /* Gfror.li.app */;
			productType = "com.apple.product-type.application";
		};
		E461457624A34831006233AE /* macOS */ = {
			isa = PBXNativeTarget;
			buildConfigurationList = E461459C24A34831006233AE /* Build configuration list for PBXNativeTarget "macOS" */;
			buildPhases = (
				E461457324A34831006233AE /* Sources */,
				E461457424A34831006233AE /* Frameworks */,
				E461457524A34831006233AE /* Resources */,
			);
			buildRules = (
			);
			dependencies = (
			);
			name = macOS;
			productName = macOS;
			productReference = E461457724A34831006233AE /* Gfrör.li.app */;
			productType = "com.apple.product-type.application";
		};
		E461457E24A34831006233AE /* Tests iOS */ = {
			isa = PBXNativeTarget;
			buildConfigurationList = E461459F24A34831006233AE /* Build configuration list for PBXNativeTarget "Tests iOS" */;
			buildPhases = (
				E461457B24A34831006233AE /* Sources */,
				E461457C24A34831006233AE /* Frameworks */,
				E461457D24A34831006233AE /* Resources */,
			);
			buildRules = (
			);
			dependencies = (
				E461458124A34831006233AE /* PBXTargetDependency */,
			);
			name = "Tests iOS";
			productName = "Tests iOS";
			productReference = E461457F24A34831006233AE /* Tests iOS.xctest */;
			productType = "com.apple.product-type.bundle.ui-testing";
		};
		E461458924A34831006233AE /* Tests macOS */ = {
			isa = PBXNativeTarget;
			buildConfigurationList = E46145A224A34831006233AE /* Build configuration list for PBXNativeTarget "Tests macOS" */;
			buildPhases = (
				E461458624A34831006233AE /* Sources */,
				E461458724A34831006233AE /* Frameworks */,
				E461458824A34831006233AE /* Resources */,
			);
			buildRules = (
			);
			dependencies = (
				E461458C24A34831006233AE /* PBXTargetDependency */,
			);
			name = "Tests macOS";
			productName = "Tests macOS";
			productReference = E461458A24A34831006233AE /* Tests macOS.xctest */;
			productType = "com.apple.product-type.bundle.ui-testing";
		};
/* End PBXNativeTarget section */

/* Begin PBXProject section */
		E461456324A34823006233AE /* Project object */ = {
			isa = PBXProject;
			attributes = {
				LastSwiftUpdateCheck = 1200;
				LastUpgradeCheck = 1200;
				TargetAttributes = {
					8D9B0FCB24F3A2E7003502C8 = {
						CreatedOnToolsVersion = 12.0;
					};
					E461456E24A34831006233AE = {
						CreatedOnToolsVersion = 12.0;
					};
					E461457624A34831006233AE = {
						CreatedOnToolsVersion = 12.0;
					};
					E461457E24A34831006233AE = {
						CreatedOnToolsVersion = 12.0;
						TestTargetID = E461456E24A34831006233AE;
					};
					E461458924A34831006233AE = {
						CreatedOnToolsVersion = 12.0;
						TestTargetID = E461457624A34831006233AE;
					};
				};
			};
			buildConfigurationList = E461456624A34823006233AE /* Build configuration list for PBXProject "Gfror.li" */;
			compatibilityVersion = "Xcode 9.3";
			developmentRegion = en;
			hasScannedForEncodings = 0;
			knownRegions = (
				en,
				Base,
			);
			mainGroup = E461456224A34823006233AE;
			productRefGroup = E461457024A34831006233AE /* Products */;
			projectDirPath = "";
			projectRoot = "";
			targets = (
				E461456E24A34831006233AE /* iOS */,
				E461457624A34831006233AE /* macOS */,
				E461457E24A34831006233AE /* Tests iOS */,
				E461458924A34831006233AE /* Tests macOS */,
				8D9B0FCB24F3A2E7003502C8 /* GfroerliWidgetExtension */,
			);
		};
/* End PBXProject section */

/* Begin PBXResourcesBuildPhase section */
		8D9B0FCA24F3A2E7003502C8 /* Resources */ = {
			isa = PBXResourcesBuildPhase;
			buildActionMask = 2147483647;
			files = (
				8D9B0FD624F3A2E8003502C8 /* Assets.xcassets in Resources */,
			);
			runOnlyForDeploymentPostprocessing = 0;
		};
		E461456D24A34831006233AE /* Resources */ = {
			isa = PBXResourcesBuildPhase;
			buildActionMask = 2147483647;
			files = (
				E461459524A34831006233AE /* Assets.xcassets in Resources */,
			);
			runOnlyForDeploymentPostprocessing = 0;
		};
		E461457524A34831006233AE /* Resources */ = {
			isa = PBXResourcesBuildPhase;
			buildActionMask = 2147483647;
			files = (
				E461459624A34831006233AE /* Assets.xcassets in Resources */,
			);
			runOnlyForDeploymentPostprocessing = 0;
		};
		E461457D24A34831006233AE /* Resources */ = {
			isa = PBXResourcesBuildPhase;
			buildActionMask = 2147483647;
			files = (
			);
			runOnlyForDeploymentPostprocessing = 0;
		};
		E461458824A34831006233AE /* Resources */ = {
			isa = PBXResourcesBuildPhase;
			buildActionMask = 2147483647;
			files = (
			);
			runOnlyForDeploymentPostprocessing = 0;
		};
/* End PBXResourcesBuildPhase section */

/* Begin PBXSourcesBuildPhase section */
		8D9B0FC824F3A2E7003502C8 /* Sources */ = {
			isa = PBXSourcesBuildPhase;
			buildActionMask = 2147483647;
			files = (
				8D9B0FE524F3BEA4003502C8 /* WaveShape.swift in Sources */,
				8D9B0FD424F3A2E7003502C8 /* GfroerliWidget.swift in Sources */,
			);
			runOnlyForDeploymentPostprocessing = 0;
		};
		E461456B24A34831006233AE /* Sources */ = {
			isa = PBXSourcesBuildPhase;
			buildActionMask = 2147483647;
			files = (
				E461459124A34831006233AE /* GfrorliApp.swift in Sources */,
				8D6A7DC624F14115009A0026 /* LakeOverView.swift in Sources */,
				8D9B0FE424F3BEA4003502C8 /* WaveShape.swift in Sources */,
				E4C24FE724EEB58400FB4F51 /* Sensors.swift in Sources */,
				8D0D7FE024F102030068176C /* CostumTabBaButtonr.swift in Sources */,
				8D0D7FE624F107D30068176C /* SettingsView.swift in Sources */,
				8D0D7FEA24F1109A0068176C /* LakeScrollItem.swift in Sources */,
				8D0D7FE824F10F610068176C /* LakesData.swift in Sources */,
				E44EA3AD24EEA7EA00380E27 /* MapExtension.swift in Sources */,
				8D0D7FE424F107C10068176C /* FavoritesView.swift in Sources */,
				8D6A7DC824F15187009A0026 /* SensorOverView.swift in Sources */,
				E4C24FE924EEB5AA00FB4F51 /* Measurements.swift in Sources */,
				8D0D7FE224F107B60068176C /* OverView.swift in Sources */,
				E438B4CC24ACFB7D008A2E01 /* iOSMainView.swift in Sources */,
			);
			runOnlyForDeploymentPostprocessing = 0;
		};
		E461457324A34831006233AE /* Sources */ = {
			isa = PBXSourcesBuildPhase;
			buildActionMask = 2147483647;
			files = (
				E461459224A34831006233AE /* GfrorliApp.swift in Sources */,
			);
			runOnlyForDeploymentPostprocessing = 0;
		};
		E461457B24A34831006233AE /* Sources */ = {
			isa = PBXSourcesBuildPhase;
			buildActionMask = 2147483647;
			files = (
				E461458424A34831006233AE /* Tests_iOS.swift in Sources */,
			);
			runOnlyForDeploymentPostprocessing = 0;
		};
		E461458624A34831006233AE /* Sources */ = {
			isa = PBXSourcesBuildPhase;
			buildActionMask = 2147483647;
			files = (
				E461458F24A34831006233AE /* Tests_macOS.swift in Sources */,
			);
			runOnlyForDeploymentPostprocessing = 0;
		};
/* End PBXSourcesBuildPhase section */

/* Begin PBXTargetDependency section */
		8D9B0FD924F3A2E8003502C8 /* PBXTargetDependency */ = {
			isa = PBXTargetDependency;
			target = 8D9B0FCB24F3A2E7003502C8 /* GfroerliWidgetExtension */;
			targetProxy = 8D9B0FD824F3A2E8003502C8 /* PBXContainerItemProxy */;
		};
		E461458124A34831006233AE /* PBXTargetDependency */ = {
			isa = PBXTargetDependency;
			target = E461456E24A34831006233AE /* iOS */;
			targetProxy = E461458024A34831006233AE /* PBXContainerItemProxy */;
		};
		E461458C24A34831006233AE /* PBXTargetDependency */ = {
			isa = PBXTargetDependency;
			target = E461457624A34831006233AE /* macOS */;
			targetProxy = E461458B24A34831006233AE /* PBXContainerItemProxy */;
		};
/* End PBXTargetDependency section */

/* Begin XCBuildConfiguration section */
		8D9B0FDC24F3A2E8003502C8 /* Debug */ = {
			isa = XCBuildConfiguration;
			buildSettings = {
				ASSETCATALOG_COMPILER_GLOBAL_ACCENT_COLOR_NAME = AccentColor;
				ASSETCATALOG_COMPILER_WIDGET_BACKGROUND_COLOR_NAME = WidgetBackground;
				CODE_SIGN_ENTITLEMENTS = GfroerliWidgetExtension.entitlements;
				CODE_SIGN_STYLE = Automatic;
				DEVELOPMENT_TEAM = T7M5358433;
				INFOPLIST_FILE = GfroerliWidget/Info.plist;
				LD_RUNPATH_SEARCH_PATHS = (
					"$(inherited)",
					"@executable_path/Frameworks",
					"@executable_path/../../Frameworks",
				);
				PRODUCT_BUNDLE_IDENTIFIER = "ch.nliechti.Gfro-r-li.GfroerliWidget";
				PRODUCT_NAME = "$(TARGET_NAME)";
				SDKROOT = iphoneos;
				SKIP_INSTALL = YES;
				SWIFT_VERSION = 5.0;
				TARGETED_DEVICE_FAMILY = "1,2";
			};
			name = Debug;
		};
		8D9B0FDD24F3A2E8003502C8 /* Release */ = {
			isa = XCBuildConfiguration;
			buildSettings = {
				ASSETCATALOG_COMPILER_GLOBAL_ACCENT_COLOR_NAME = AccentColor;
				ASSETCATALOG_COMPILER_WIDGET_BACKGROUND_COLOR_NAME = WidgetBackground;
				CODE_SIGN_ENTITLEMENTS = GfroerliWidgetExtension.entitlements;
				CODE_SIGN_STYLE = Automatic;
				DEVELOPMENT_TEAM = T7M5358433;
				INFOPLIST_FILE = GfroerliWidget/Info.plist;
				LD_RUNPATH_SEARCH_PATHS = (
					"$(inherited)",
					"@executable_path/Frameworks",
					"@executable_path/../../Frameworks",
				);
				PRODUCT_BUNDLE_IDENTIFIER = "ch.nliechti.Gfro-r-li.GfroerliWidget";
				PRODUCT_NAME = "$(TARGET_NAME)";
				SDKROOT = iphoneos;
				SKIP_INSTALL = YES;
				SWIFT_VERSION = 5.0;
				TARGETED_DEVICE_FAMILY = "1,2";
				VALIDATE_PRODUCT = YES;
			};
			name = Release;
		};
		E461459724A34831006233AE /* Debug */ = {
			isa = XCBuildConfiguration;
			buildSettings = {
				ALWAYS_SEARCH_USER_PATHS = NO;
				CLANG_ANALYZER_NONNULL = YES;
				CLANG_ANALYZER_NUMBER_OBJECT_CONVERSION = YES_AGGRESSIVE;
				CLANG_CXX_LANGUAGE_STANDARD = "gnu++14";
				CLANG_CXX_LIBRARY = "libc++";
				CLANG_ENABLE_MODULES = YES;
				CLANG_ENABLE_OBJC_ARC = YES;
				CLANG_ENABLE_OBJC_WEAK = YES;
				CLANG_WARN_BLOCK_CAPTURE_AUTORELEASING = YES;
				CLANG_WARN_BOOL_CONVERSION = YES;
				CLANG_WARN_COMMA = YES;
				CLANG_WARN_CONSTANT_CONVERSION = YES;
				CLANG_WARN_DEPRECATED_OBJC_IMPLEMENTATIONS = YES;
				CLANG_WARN_DIRECT_OBJC_ISA_USAGE = YES_ERROR;
				CLANG_WARN_DOCUMENTATION_COMMENTS = YES;
				CLANG_WARN_EMPTY_BODY = YES;
				CLANG_WARN_ENUM_CONVERSION = YES;
				CLANG_WARN_INFINITE_RECURSION = YES;
				CLANG_WARN_INT_CONVERSION = YES;
				CLANG_WARN_NON_LITERAL_NULL_CONVERSION = YES;
				CLANG_WARN_OBJC_IMPLICIT_RETAIN_SELF = YES;
				CLANG_WARN_OBJC_LITERAL_CONVERSION = YES;
				CLANG_WARN_OBJC_ROOT_CLASS = YES_ERROR;
				CLANG_WARN_QUOTED_INCLUDE_IN_FRAMEWORK_HEADER = YES;
				CLANG_WARN_RANGE_LOOP_ANALYSIS = YES;
				CLANG_WARN_STRICT_PROTOTYPES = YES;
				CLANG_WARN_SUSPICIOUS_MOVE = YES;
				CLANG_WARN_UNGUARDED_AVAILABILITY = YES_AGGRESSIVE;
				CLANG_WARN_UNREACHABLE_CODE = YES;
				CLANG_WARN__DUPLICATE_METHOD_MATCH = YES;
				COPY_PHASE_STRIP = NO;
				DEBUG_INFORMATION_FORMAT = dwarf;
				ENABLE_STRICT_OBJC_MSGSEND = YES;
				ENABLE_TESTABILITY = YES;
				GCC_C_LANGUAGE_STANDARD = gnu11;
				GCC_DYNAMIC_NO_PIC = NO;
				GCC_NO_COMMON_BLOCKS = YES;
				GCC_OPTIMIZATION_LEVEL = 0;
				GCC_PREPROCESSOR_DEFINITIONS = (
					"DEBUG=1",
					"$(inherited)",
				);
				GCC_WARN_64_TO_32_BIT_CONVERSION = YES;
				GCC_WARN_ABOUT_RETURN_TYPE = YES_ERROR;
				GCC_WARN_UNDECLARED_SELECTOR = YES;
				GCC_WARN_UNINITIALIZED_AUTOS = YES_AGGRESSIVE;
				GCC_WARN_UNUSED_FUNCTION = YES;
				GCC_WARN_UNUSED_VARIABLE = YES;
				IPHONEOS_DEPLOYMENT_TARGET = 14.0;
				MACOSX_DEPLOYMENT_TARGET = 10.16;
				MTL_ENABLE_DEBUG_INFO = INCLUDE_SOURCE;
				MTL_FAST_MATH = YES;
				ONLY_ACTIVE_ARCH = YES;
				SWIFT_ACTIVE_COMPILATION_CONDITIONS = DEBUG;
				SWIFT_OPTIMIZATION_LEVEL = "-Onone";
			};
			name = Debug;
		};
		E461459824A34831006233AE /* Release */ = {
			isa = XCBuildConfiguration;
			buildSettings = {
				ALWAYS_SEARCH_USER_PATHS = NO;
				CLANG_ANALYZER_NONNULL = YES;
				CLANG_ANALYZER_NUMBER_OBJECT_CONVERSION = YES_AGGRESSIVE;
				CLANG_CXX_LANGUAGE_STANDARD = "gnu++14";
				CLANG_CXX_LIBRARY = "libc++";
				CLANG_ENABLE_MODULES = YES;
				CLANG_ENABLE_OBJC_ARC = YES;
				CLANG_ENABLE_OBJC_WEAK = YES;
				CLANG_WARN_BLOCK_CAPTURE_AUTORELEASING = YES;
				CLANG_WARN_BOOL_CONVERSION = YES;
				CLANG_WARN_COMMA = YES;
				CLANG_WARN_CONSTANT_CONVERSION = YES;
				CLANG_WARN_DEPRECATED_OBJC_IMPLEMENTATIONS = YES;
				CLANG_WARN_DIRECT_OBJC_ISA_USAGE = YES_ERROR;
				CLANG_WARN_DOCUMENTATION_COMMENTS = YES;
				CLANG_WARN_EMPTY_BODY = YES;
				CLANG_WARN_ENUM_CONVERSION = YES;
				CLANG_WARN_INFINITE_RECURSION = YES;
				CLANG_WARN_INT_CONVERSION = YES;
				CLANG_WARN_NON_LITERAL_NULL_CONVERSION = YES;
				CLANG_WARN_OBJC_IMPLICIT_RETAIN_SELF = YES;
				CLANG_WARN_OBJC_LITERAL_CONVERSION = YES;
				CLANG_WARN_OBJC_ROOT_CLASS = YES_ERROR;
				CLANG_WARN_QUOTED_INCLUDE_IN_FRAMEWORK_HEADER = YES;
				CLANG_WARN_RANGE_LOOP_ANALYSIS = YES;
				CLANG_WARN_STRICT_PROTOTYPES = YES;
				CLANG_WARN_SUSPICIOUS_MOVE = YES;
				CLANG_WARN_UNGUARDED_AVAILABILITY = YES_AGGRESSIVE;
				CLANG_WARN_UNREACHABLE_CODE = YES;
				CLANG_WARN__DUPLICATE_METHOD_MATCH = YES;
				COPY_PHASE_STRIP = NO;
				DEBUG_INFORMATION_FORMAT = "dwarf-with-dsym";
				ENABLE_NS_ASSERTIONS = NO;
				ENABLE_STRICT_OBJC_MSGSEND = YES;
				GCC_C_LANGUAGE_STANDARD = gnu11;
				GCC_NO_COMMON_BLOCKS = YES;
				GCC_WARN_64_TO_32_BIT_CONVERSION = YES;
				GCC_WARN_ABOUT_RETURN_TYPE = YES_ERROR;
				GCC_WARN_UNDECLARED_SELECTOR = YES;
				GCC_WARN_UNINITIALIZED_AUTOS = YES_AGGRESSIVE;
				GCC_WARN_UNUSED_FUNCTION = YES;
				GCC_WARN_UNUSED_VARIABLE = YES;
				IPHONEOS_DEPLOYMENT_TARGET = 14.0;
				MACOSX_DEPLOYMENT_TARGET = 10.16;
				MTL_ENABLE_DEBUG_INFO = NO;
				MTL_FAST_MATH = YES;
				SWIFT_COMPILATION_MODE = wholemodule;
				SWIFT_OPTIMIZATION_LEVEL = "-O";
			};
			name = Release;
		};
		E461459A24A34831006233AE /* Debug */ = {
			isa = XCBuildConfiguration;
			buildSettings = {
				ALWAYS_EMBED_SWIFT_STANDARD_LIBRARIES = YES;
				ASSETCATALOG_COMPILER_APPICON_NAME = AppIcon;
				ASSETCATALOG_COMPILER_GLOBAL_ACCENT_COLOR_NAME = AccentColor;
				CODE_SIGN_ENTITLEMENTS = iOS/Gfror.li.entitlements;
				CODE_SIGN_STYLE = Automatic;
				DEVELOPMENT_TEAM = T7M5358433;
				ENABLE_PREVIEWS = YES;
				INFOPLIST_FILE = iOS/Info.plist;
				IPHONEOS_DEPLOYMENT_TARGET = 14.0;
				LD_RUNPATH_SEARCH_PATHS = (
					"$(inherited)",
					"@executable_path/Frameworks",
				);
				PRODUCT_BUNDLE_IDENTIFIER = "ch.nliechti.Gfro-r-li";
				PRODUCT_NAME = Gfror.li;
				SDKROOT = iphoneos;
				SWIFT_VERSION = 5.0;
				TARGETED_DEVICE_FAMILY = "1,2";
			};
			name = Debug;
		};
		E461459B24A34831006233AE /* Release */ = {
			isa = XCBuildConfiguration;
			buildSettings = {
				ALWAYS_EMBED_SWIFT_STANDARD_LIBRARIES = YES;
				ASSETCATALOG_COMPILER_APPICON_NAME = AppIcon;
				ASSETCATALOG_COMPILER_GLOBAL_ACCENT_COLOR_NAME = AccentColor;
				CODE_SIGN_ENTITLEMENTS = iOS/Gfror.li.entitlements;
				CODE_SIGN_STYLE = Automatic;
				DEVELOPMENT_TEAM = T7M5358433;
				ENABLE_PREVIEWS = YES;
				INFOPLIST_FILE = iOS/Info.plist;
				IPHONEOS_DEPLOYMENT_TARGET = 14.0;
				LD_RUNPATH_SEARCH_PATHS = (
					"$(inherited)",
					"@executable_path/Frameworks",
				);
				PRODUCT_BUNDLE_IDENTIFIER = "ch.nliechti.Gfro-r-li";
				PRODUCT_NAME = Gfror.li;
				SDKROOT = iphoneos;
				SWIFT_VERSION = 5.0;
				TARGETED_DEVICE_FAMILY = "1,2";
				VALIDATE_PRODUCT = YES;
			};
			name = Release;
		};
		E461459D24A34831006233AE /* Debug */ = {
			isa = XCBuildConfiguration;
			buildSettings = {
				ASSETCATALOG_COMPILER_APPICON_NAME = AppIcon;
				ASSETCATALOG_COMPILER_GLOBAL_ACCENT_COLOR_NAME = AccentColor;
				CODE_SIGN_ENTITLEMENTS = macOS/macOS.entitlements;
				CODE_SIGN_STYLE = Automatic;
				COMBINE_HIDPI_IMAGES = YES;
				DEVELOPMENT_TEAM = VDVQE324N6;
				ENABLE_HARDENED_RUNTIME = YES;
				ENABLE_PREVIEWS = YES;
				INFOPLIST_FILE = macOS/Info.plist;
				LD_RUNPATH_SEARCH_PATHS = (
					"$(inherited)",
					"@executable_path/../Frameworks",
				);
				MACOSX_DEPLOYMENT_TARGET = 10.16;
				PRODUCT_BUNDLE_IDENTIFIER = "ch.nliechti.Gfro-r-li";
				PRODUCT_NAME = Gfror.li;
				SDKROOT = macosx;
				SWIFT_VERSION = 5.0;
			};
			name = Debug;
		};
		E461459E24A34831006233AE /* Release */ = {
			isa = XCBuildConfiguration;
			buildSettings = {
				ASSETCATALOG_COMPILER_APPICON_NAME = AppIcon;
				ASSETCATALOG_COMPILER_GLOBAL_ACCENT_COLOR_NAME = AccentColor;
				CODE_SIGN_ENTITLEMENTS = macOS/macOS.entitlements;
				CODE_SIGN_STYLE = Automatic;
				COMBINE_HIDPI_IMAGES = YES;
				DEVELOPMENT_TEAM = VDVQE324N6;
				ENABLE_HARDENED_RUNTIME = YES;
				ENABLE_PREVIEWS = YES;
				INFOPLIST_FILE = macOS/Info.plist;
				LD_RUNPATH_SEARCH_PATHS = (
					"$(inherited)",
					"@executable_path/../Frameworks",
				);
				MACOSX_DEPLOYMENT_TARGET = 10.16;
				PRODUCT_BUNDLE_IDENTIFIER = "ch.nliechti.Gfro-r-li";
				PRODUCT_NAME = Gfror.li;
				SDKROOT = macosx;
				SWIFT_VERSION = 5.0;
			};
			name = Release;
		};
		E46145A024A34831006233AE /* Debug */ = {
			isa = XCBuildConfiguration;
			buildSettings = {
				ALWAYS_EMBED_SWIFT_STANDARD_LIBRARIES = YES;
				CODE_SIGN_STYLE = Automatic;
				DEVELOPMENT_TEAM = VDVQE324N6;
				INFOPLIST_FILE = "Tests iOS/Info.plist";
				IPHONEOS_DEPLOYMENT_TARGET = 14.0;
				LD_RUNPATH_SEARCH_PATHS = (
					"$(inherited)",
					"@executable_path/Frameworks",
					"@loader_path/Frameworks",
				);
				PRODUCT_BUNDLE_IDENTIFIER = "ch.nliechti.Tests-iOS";
				PRODUCT_NAME = "$(TARGET_NAME)";
				SDKROOT = iphoneos;
				SWIFT_VERSION = 5.0;
				TARGETED_DEVICE_FAMILY = "1,2";
				TEST_TARGET_NAME = iOS;
			};
			name = Debug;
		};
		E46145A124A34831006233AE /* Release */ = {
			isa = XCBuildConfiguration;
			buildSettings = {
				ALWAYS_EMBED_SWIFT_STANDARD_LIBRARIES = YES;
				CODE_SIGN_STYLE = Automatic;
				DEVELOPMENT_TEAM = VDVQE324N6;
				INFOPLIST_FILE = "Tests iOS/Info.plist";
				IPHONEOS_DEPLOYMENT_TARGET = 14.0;
				LD_RUNPATH_SEARCH_PATHS = (
					"$(inherited)",
					"@executable_path/Frameworks",
					"@loader_path/Frameworks",
				);
				PRODUCT_BUNDLE_IDENTIFIER = "ch.nliechti.Tests-iOS";
				PRODUCT_NAME = "$(TARGET_NAME)";
				SDKROOT = iphoneos;
				SWIFT_VERSION = 5.0;
				TARGETED_DEVICE_FAMILY = "1,2";
				TEST_TARGET_NAME = iOS;
				VALIDATE_PRODUCT = YES;
			};
			name = Release;
		};
		E46145A324A34831006233AE /* Debug */ = {
			isa = XCBuildConfiguration;
			buildSettings = {
				ALWAYS_EMBED_SWIFT_STANDARD_LIBRARIES = YES;
				CODE_SIGN_STYLE = Automatic;
				COMBINE_HIDPI_IMAGES = YES;
				DEVELOPMENT_TEAM = VDVQE324N6;
				INFOPLIST_FILE = "Tests macOS/Info.plist";
				LD_RUNPATH_SEARCH_PATHS = (
					"$(inherited)",
					"@executable_path/../Frameworks",
					"@loader_path/../Frameworks",
				);
				MACOSX_DEPLOYMENT_TARGET = 10.15;
				PRODUCT_BUNDLE_IDENTIFIER = "ch.nliechti.Tests-macOS";
				PRODUCT_NAME = "$(TARGET_NAME)";
				SDKROOT = macosx;
				SWIFT_VERSION = 5.0;
				TEST_TARGET_NAME = macOS;
			};
			name = Debug;
		};
		E46145A424A34831006233AE /* Release */ = {
			isa = XCBuildConfiguration;
			buildSettings = {
				ALWAYS_EMBED_SWIFT_STANDARD_LIBRARIES = YES;
				CODE_SIGN_STYLE = Automatic;
				COMBINE_HIDPI_IMAGES = YES;
				DEVELOPMENT_TEAM = VDVQE324N6;
				INFOPLIST_FILE = "Tests macOS/Info.plist";
				LD_RUNPATH_SEARCH_PATHS = (
					"$(inherited)",
					"@executable_path/../Frameworks",
					"@loader_path/../Frameworks",
				);
				MACOSX_DEPLOYMENT_TARGET = 10.15;
				PRODUCT_BUNDLE_IDENTIFIER = "ch.nliechti.Tests-macOS";
				PRODUCT_NAME = "$(TARGET_NAME)";
				SDKROOT = macosx;
				SWIFT_VERSION = 5.0;
				TEST_TARGET_NAME = macOS;
			};
			name = Release;
		};
/* End XCBuildConfiguration section */

/* Begin XCConfigurationList section */
		8D9B0FDE24F3A2E8003502C8 /* Build configuration list for PBXNativeTarget "GfroerliWidgetExtension" */ = {
			isa = XCConfigurationList;
			buildConfigurations = (
				8D9B0FDC24F3A2E8003502C8 /* Debug */,
				8D9B0FDD24F3A2E8003502C8 /* Release */,
			);
			defaultConfigurationIsVisible = 0;
			defaultConfigurationName = Release;
		};
		E461456624A34823006233AE /* Build configuration list for PBXProject "Gfror.li" */ = {
			isa = XCConfigurationList;
			buildConfigurations = (
				E461459724A34831006233AE /* Debug */,
				E461459824A34831006233AE /* Release */,
			);
			defaultConfigurationIsVisible = 0;
			defaultConfigurationName = Release;
		};
		E461459924A34831006233AE /* Build configuration list for PBXNativeTarget "iOS" */ = {
			isa = XCConfigurationList;
			buildConfigurations = (
				E461459A24A34831006233AE /* Debug */,
				E461459B24A34831006233AE /* Release */,
			);
			defaultConfigurationIsVisible = 0;
			defaultConfigurationName = Release;
		};
		E461459C24A34831006233AE /* Build configuration list for PBXNativeTarget "macOS" */ = {
			isa = XCConfigurationList;
			buildConfigurations = (
				E461459D24A34831006233AE /* Debug */,
				E461459E24A34831006233AE /* Release */,
			);
			defaultConfigurationIsVisible = 0;
			defaultConfigurationName = Release;
		};
		E461459F24A34831006233AE /* Build configuration list for PBXNativeTarget "Tests iOS" */ = {
			isa = XCConfigurationList;
			buildConfigurations = (
				E46145A024A34831006233AE /* Debug */,
				E46145A124A34831006233AE /* Release */,
			);
			defaultConfigurationIsVisible = 0;
			defaultConfigurationName = Release;
		};
		E46145A224A34831006233AE /* Build configuration list for PBXNativeTarget "Tests macOS" */ = {
			isa = XCConfigurationList;
			buildConfigurations = (
				E46145A324A34831006233AE /* Debug */,
				E46145A424A34831006233AE /* Release */,
			);
			defaultConfigurationIsVisible = 0;
			defaultConfigurationName = Release;
		};
/* End XCConfigurationList section */
	};
	rootObject = E461456324A34823006233AE /* Project object */;
}
