// !$*UTF8*$!
{
	archiveVersion = 1;
	classes = {
	};
	objectVersion = 50;
	objects = {

/* Begin PBXBuildFile section */
		8D04196824F50258003D64D4 /* SensorScrollItem.swift in Sources */ = {isa = PBXBuildFile; fileRef = 8D04196724F50258003D64D4 /* SensorScrollItem.swift */; };
		8D04196A24F50349003D64D4 /* RiverData.swift in Sources */ = {isa = PBXBuildFile; fileRef = 8D04196924F50349003D64D4 /* RiverData.swift */; };
		8D04196B24F50353003D64D4 /* LakesData.swift in Sources */ = {isa = PBXBuildFile; fileRef = 8D0D7FE724F10F610068176C /* LakesData.swift */; };
		8D04196C24F50353003D64D4 /* RiverData.swift in Sources */ = {isa = PBXBuildFile; fileRef = 8D04196924F50349003D64D4 /* RiverData.swift */; };
		8D04E84725AB79F100B5902A /* AppStore_FR.rtf in Resources */ = {isa = PBXBuildFile; fileRef = 8D04E84625AB79F100B5902A /* AppStore_FR.rtf */; };
		8D05A2DB253F645300E7C1BD /* PreViewExtension.swift in Sources */ = {isa = PBXBuildFile; fileRef = 8D05A2DA253F645300E7C1BD /* PreViewExtension.swift */; };
		8D0D7FE224F107B60068176C /* OverView.swift in Sources */ = {isa = PBXBuildFile; fileRef = 8D0D7FE124F107B60068176C /* OverView.swift */; };
		8D0D7FE424F107C10068176C /* FavoritesView.swift in Sources */ = {isa = PBXBuildFile; fileRef = 8D0D7FE324F107C10068176C /* FavoritesView.swift */; };
		8D0D7FE624F107D30068176C /* SettingsView.swift in Sources */ = {isa = PBXBuildFile; fileRef = 8D0D7FE524F107D30068176C /* SettingsView.swift */; };
		8D0D7FE824F10F610068176C /* LakesData.swift in Sources */ = {isa = PBXBuildFile; fileRef = 8D0D7FE724F10F610068176C /* LakesData.swift */; };
		8D0D7FEA24F1109A0068176C /* ScrollItem.swift in Sources */ = {isa = PBXBuildFile; fileRef = 8D0D7FE924F1109A0068176C /* ScrollItem.swift */; };
		8D2701C725153082007BB0E1 /* LoadingView.swift in Sources */ = {isa = PBXBuildFile; fileRef = 8D2701C625153082007BB0E1 /* LoadingView.swift */; };
		8D2A3F37250CF1EF0070B4CB /* Helpers.swift in Sources */ = {isa = PBXBuildFile; fileRef = 8D5066E424F7F33400E426DE /* Helpers.swift */; };
		8D3D36F0250BBC8500F11E48 /* SensorOverViewGraph.swift in Sources */ = {isa = PBXBuildFile; fileRef = 8D3D36EF250BBC8500F11E48 /* SensorOverViewGraph.swift */; };
		8D3D36F2250BBEF000F11E48 /* SensorOverviewSponsorView.swift in Sources */ = {isa = PBXBuildFile; fileRef = 8D3D36F1250BBEF000F11E48 /* SensorOverviewSponsorView.swift */; };
		8D3D376E250CBAAF00F11E48 /* Notes.rtf in Resources */ = {isa = PBXBuildFile; fileRef = 8D3D376D250CBAAF00F11E48 /* Notes.rtf */; };
		8D3D376F250CBAAF00F11E48 /* Notes.rtf in Resources */ = {isa = PBXBuildFile; fileRef = 8D3D376D250CBAAF00F11E48 /* Notes.rtf */; };
		8D4731B124F3F93200EE5536 /* WidgetSettingsView.swift in Sources */ = {isa = PBXBuildFile; fileRef = 8D4731B024F3F93200EE5536 /* WidgetSettingsView.swift */; };
		8D49A37E250A5095000B26CD /* MainWidgetFile.swift in Sources */ = {isa = PBXBuildFile; fileRef = 8D49A37D250A5095000B26CD /* MainWidgetFile.swift */; };
		8D50670324F7F33400E426DE /* Helpers.swift in Sources */ = {isa = PBXBuildFile; fileRef = 8D5066E424F7F33400E426DE /* Helpers.swift */; };
		8D580B59259FA33800202262 /* FAQView.swift in Sources */ = {isa = PBXBuildFile; fileRef = 8D580B58259FA33800202262 /* FAQView.swift */; };
		8D5D25CB257A98D1002852F4 /* SensorListItem.swift in Sources */ = {isa = PBXBuildFile; fileRef = 8D5D25CA257A98D1002852F4 /* SensorListItem.swift */; };
		8D5EACE9252CE407006EBCD6 /* Localizable.strings in Resources */ = {isa = PBXBuildFile; fileRef = 8D5EACEC252CE407006EBCD6 /* Localizable.strings */; };
		8D5EACEA252CE407006EBCD6 /* Localizable.strings in Resources */ = {isa = PBXBuildFile; fileRef = 8D5EACEC252CE407006EBCD6 /* Localizable.strings */; };
		8D6A7DC624F14115009A0026 /* LakeOverView.swift in Sources */ = {isa = PBXBuildFile; fileRef = 8D6A7DC524F14115009A0026 /* LakeOverView.swift */; };
		8D6A7DC824F15187009A0026 /* SensorOverView.swift in Sources */ = {isa = PBXBuildFile; fileRef = 8D6A7DC724F15187009A0026 /* SensorOverView.swift */; };
		8D73772F252BA7200075E04E /* Sponsor.swift in Sources */ = {isa = PBXBuildFile; fileRef = 8D73772E252BA7200075E04E /* Sponsor.swift */; };
		8D737730252BA7200075E04E /* Sponsor.swift in Sources */ = {isa = PBXBuildFile; fileRef = 8D73772E252BA7200075E04E /* Sponsor.swift */; };
		8D737737252BA8750075E04E /* SponsorsViewModel.swift in Sources */ = {isa = PBXBuildFile; fileRef = 8D737736252BA8750075E04E /* SponsorsViewModel.swift */; };
		8D737738252BA8750075E04E /* SponsorsViewModel.swift in Sources */ = {isa = PBXBuildFile; fileRef = 8D737736252BA8750075E04E /* SponsorsViewModel.swift */; };
		8D7E98BD257025EC00BC32EB /* ColorExtension.swift in Sources */ = {isa = PBXBuildFile; fileRef = 8D7E98BC257025EC00BC32EB /* ColorExtension.swift */; };
		8D815A2C25A641D80060AC85 /* AppStore_DE.rtf in Resources */ = {isa = PBXBuildFile; fileRef = 8D815A2B25A641D80060AC85 /* AppStore_DE.rtf */; };
		8D8533FA25A788A800B8BD2E /* AppStore_ENG.rtf in Resources */ = {isa = PBXBuildFile; fileRef = 8D8533F925A788A800B8BD2E /* AppStore_ENG.rtf */; };
		8D908970259121820017BAB8 /* HourlyChartView.swift in Sources */ = {isa = PBXBuildFile; fileRef = 8DBC3C4A25756C080010D55B /* HourlyChartView.swift */; };
		8D908976259121850017BAB8 /* WeeklyChartView.swift in Sources */ = {isa = PBXBuildFile; fileRef = 8DBCDB8E2576C4C400CBDAA6 /* WeeklyChartView.swift */; };
		8D90897C259121AF0017BAB8 /* Legend.swift in Sources */ = {isa = PBXBuildFile; fileRef = 8DBCDB952576D55800CBDAA6 /* Legend.swift */; };
		8D996DE325A23A2B00724453 /* MonthlyChartView.swift in Sources */ = {isa = PBXBuildFile; fileRef = 8D996DE225A23A2B00724453 /* MonthlyChartView.swift */; };
		8D996DE425A23A2B00724453 /* MonthlyChartView.swift in Sources */ = {isa = PBXBuildFile; fileRef = 8D996DE225A23A2B00724453 /* MonthlyChartView.swift */; };
		8D9B0FCF24F3A2E7003502C8 /* WidgetKit.framework in Frameworks */ = {isa = PBXBuildFile; fileRef = 8D9B0FCE24F3A2E7003502C8 /* WidgetKit.framework */; };
		8D9B0FD124F3A2E7003502C8 /* SwiftUI.framework in Frameworks */ = {isa = PBXBuildFile; fileRef = 8D9B0FD024F3A2E7003502C8 /* SwiftUI.framework */; };
		8D9B0FDA24F3A2E8003502C8 /* Widgets.appex in Embed App Extensions */ = {isa = PBXBuildFile; fileRef = 8D9B0FCC24F3A2E7003502C8 /* Widgets.appex */; settings = {ATTRIBUTES = (RemoveHeadersOnCopy, ); }; };
		8D9B0FE424F3BEA4003502C8 /* WaveShape.swift in Sources */ = {isa = PBXBuildFile; fileRef = 8D9B0FE324F3BEA4003502C8 /* WaveShape.swift */; };
		8D9B0FE524F3BEA4003502C8 /* WaveShape.swift in Sources */ = {isa = PBXBuildFile; fileRef = 8D9B0FE324F3BEA4003502C8 /* WaveShape.swift */; };
		8D9B1AEA24F463290047FAC2 /* Sensor.swift in Sources */ = {isa = PBXBuildFile; fileRef = E4C24FE624EEB58400FB4F51 /* Sensor.swift */; };
		8D9B1AEC24F463750047FAC2 /* Assets.xcassets in Resources */ = {isa = PBXBuildFile; fileRef = 8D9B0FD524F3A2E8003502C8 /* Assets.xcassets */; };
		8DA7CEF52516108000395465 /* SensorListViewModel.swift in Sources */ = {isa = PBXBuildFile; fileRef = 8DA7CEF42516108000395465 /* SensorListViewModel.swift */; };
		8DA7CEF62516108000395465 /* SensorListViewModel.swift in Sources */ = {isa = PBXBuildFile; fileRef = 8DA7CEF42516108000395465 /* SensorListViewModel.swift */; };
		8DA7CF02251611C800395465 /* SingleSensorViewModel.swift in Sources */ = {isa = PBXBuildFile; fileRef = 8DA7CF01251611C700395465 /* SingleSensorViewModel.swift */; };
		8DA7CF03251611C800395465 /* SingleSensorViewModel.swift in Sources */ = {isa = PBXBuildFile; fileRef = 8DA7CF01251611C700395465 /* SingleSensorViewModel.swift */; };
		8DA7CF0F2516176300395465 /* TempAggregationsViewModel.swift in Sources */ = {isa = PBXBuildFile; fileRef = 8DA7CF0E2516176300395465 /* TempAggregationsViewModel.swift */; };
		8DA7CF102516176300395465 /* TempAggregationsViewModel.swift in Sources */ = {isa = PBXBuildFile; fileRef = 8DA7CF0E2516176300395465 /* TempAggregationsViewModel.swift */; };
		8DBC3C4B25756C080010D55B /* HourlyChartView.swift in Sources */ = {isa = PBXBuildFile; fileRef = 8DBC3C4A25756C080010D55B /* HourlyChartView.swift */; };
		8DBCDB8F2576C4C400CBDAA6 /* WeeklyChartView.swift in Sources */ = {isa = PBXBuildFile; fileRef = 8DBCDB8E2576C4C400CBDAA6 /* WeeklyChartView.swift */; };
		8DBCDB962576D55800CBDAA6 /* Legend.swift in Sources */ = {isa = PBXBuildFile; fileRef = 8DBCDB952576D55800CBDAA6 /* Legend.swift */; };
		8DC0D496250CC4A6009E20B5 /* TempAggregations.swift in Sources */ = {isa = PBXBuildFile; fileRef = E4C24FE824EEB5AA00FB4F51 /* TempAggregations.swift */; };
		8DCB9A58257972E30063C628 /* SensorOverviewMap.swift in Sources */ = {isa = PBXBuildFile; fileRef = 8DCB9A57257972E30063C628 /* SensorOverviewMap.swift */; };
		8DD06C2925A0E7340081250B /* GroupBoxExtension.swift in Sources */ = {isa = PBXBuildFile; fileRef = 8DD06C2825A0E7340081250B /* GroupBoxExtension.swift */; };
		8DD06C3025A0EF290081250B /* UIDeviceExtension.swift in Sources */ = {isa = PBXBuildFile; fileRef = 8DD06C2F25A0EF290081250B /* UIDeviceExtension.swift */; };
		8DD06C3B25A0F0910081250B /* UIDeviceExtension.swift in Sources */ = {isa = PBXBuildFile; fileRef = 8DD06C2F25A0EF290081250B /* UIDeviceExtension.swift */; };
		8DF3BBC9250B4F2700DBCC37 /* URLExtension.swift in Sources */ = {isa = PBXBuildFile; fileRef = 8DF3BBC8250B4F2700DBCC37 /* URLExtension.swift */; };
		8DF3BBCB250B709700DBCC37 /* AllSensorView.swift in Sources */ = {isa = PBXBuildFile; fileRef = 8DF3BBCA250B709700DBCC37 /* AllSensorView.swift */; };
		8DF3BBCD250B748800DBCC37 /* SearchBar.swift in Sources */ = {isa = PBXBuildFile; fileRef = 8DF3BBCC250B748800DBCC37 /* SearchBar.swift */; };
		8DF3BBD5250BB62D00DBCC37 /* SensorOverviewLastMeasurementView.swift in Sources */ = {isa = PBXBuildFile; fileRef = 8DF3BBD4250BB62D00DBCC37 /* SensorOverviewLastMeasurementView.swift */; };
		8DF3BBD8250BB6BB00DBCC37 /* OwnHelpers.swift in Sources */ = {isa = PBXBuildFile; fileRef = 8DF3BBD7250BB6BB00DBCC37 /* OwnHelpers.swift */; };
		8DF3BBD9250BB6BB00DBCC37 /* OwnHelpers.swift in Sources */ = {isa = PBXBuildFile; fileRef = 8DF3BBD7250BB6BB00DBCC37 /* OwnHelpers.swift */; };
		B41B166525C9740F00E8FD18 /* sensors.json in Resources */ = {isa = PBXBuildFile; fileRef = B41B166425C9740F00E8FD18 /* sensors.json */; };
		B41B166625C9740F00E8FD18 /* sensors.json in Resources */ = {isa = PBXBuildFile; fileRef = B41B166425C9740F00E8FD18 /* sensors.json */; };
		B43568D225E3B31F00AA2B40 /* LocationNotificationHandler.swift in Sources */ = {isa = PBXBuildFile; fileRef = B43568D125E3B31F00AA2B40 /* LocationNotificationHandler.swift */; };
		B43568DA25E3C91500AA2B40 /* LocationHandler.swift in Sources */ = {isa = PBXBuildFile; fileRef = B43568D925E3C91500AA2B40 /* LocationHandler.swift */; };
		B4383A5A25C3EA61000A6D4F /* SingleSensorWidget.swift in Sources */ = {isa = PBXBuildFile; fileRef = B4383A5425C3E891000A6D4F /* SingleSensorWidget.swift */; };
		B4383A7125C3F939000A6D4F /* SingleSensorGraphWidget.swift in Sources */ = {isa = PBXBuildFile; fileRef = B4383A6025C3F523000A6D4F /* SingleSensorGraphWidget.swift */; };
		B4383A7725C3F93C000A6D4F /* SingleSensorGraphWidget.swift in Sources */ = {isa = PBXBuildFile; fileRef = B4383A6025C3F523000A6D4F /* SingleSensorGraphWidget.swift */; };
		B4383A9A25C3FE79000A6D4F /* WidgetAPILoaders.swift in Sources */ = {isa = PBXBuildFile; fileRef = B4383A9325C3FE53000A6D4F /* WidgetAPILoaders.swift */; };
		B4383AA525C3FE7E000A6D4F /* WidgetAPILoaders.swift in Sources */ = {isa = PBXBuildFile; fileRef = B4383A9325C3FE53000A6D4F /* WidgetAPILoaders.swift */; };
		B4383B0925C466A0000A6D4F /* GraphWidgetIntent.intentdefinition in Sources */ = {isa = PBXBuildFile; fileRef = B4383B0C25C466A0000A6D4F /* GraphWidgetIntent.intentdefinition */; };
		B4383B0A25C466A0000A6D4F /* GraphWidgetIntent.intentdefinition in Sources */ = {isa = PBXBuildFile; fileRef = B4383B0C25C466A0000A6D4F /* GraphWidgetIntent.intentdefinition */; };
		B4B19E2525C9F1FB0026E939 /* AppStore_IT.rtf in Resources */ = {isa = PBXBuildFile; fileRef = B4B19E2425C9F1FB0026E939 /* AppStore_IT.rtf */; };
		B4B37A4925C2C1D500DA76A5 /* AsyncContentView.swift in Sources */ = {isa = PBXBuildFile; fileRef = B4B37A4825C2C1D500DA76A5 /* AsyncContentView.swift */; };
		B4B37A4A25C2C1D500DA76A5 /* AsyncContentView.swift in Sources */ = {isa = PBXBuildFile; fileRef = B4B37A4825C2C1D500DA76A5 /* AsyncContentView.swift */; };
		B4B37A5625C2C43400DA76A5 /* LoadableObject.swift in Sources */ = {isa = PBXBuildFile; fileRef = B4B37A5525C2C43400DA76A5 /* LoadableObject.swift */; };
		B4B37A5725C2C43400DA76A5 /* LoadableObject.swift in Sources */ = {isa = PBXBuildFile; fileRef = B4B37A5525C2C43400DA76A5 /* LoadableObject.swift */; };
		B4BDEF3125E40EEB00A82E16 /* SensorNotificationView.swift in Sources */ = {isa = PBXBuildFile; fileRef = B4BDEF3025E40EEB00A82E16 /* SensorNotificationView.swift */; };
		B4C3A9B825EECE530059FCF0 /* AboutView.swift in Sources */ = {isa = PBXBuildFile; fileRef = B4C3A9B725EECE530059FCF0 /* AboutView.swift */; };
		B4F95C0825C2EC46004C21E1 /* ViewExtensions.swift in Sources */ = {isa = PBXBuildFile; fileRef = B4F95C0725C2EC46004C21E1 /* ViewExtensions.swift */; };
		B4F95C0F25C30F38004C21E1 /* HourlyChartShape.swift in Sources */ = {isa = PBXBuildFile; fileRef = B4F95C0E25C30F38004C21E1 /* HourlyChartShape.swift */; };
		B4F95C1025C30F38004C21E1 /* HourlyChartShape.swift in Sources */ = {isa = PBXBuildFile; fileRef = B4F95C0E25C30F38004C21E1 /* HourlyChartShape.swift */; };
		B4F95C1725C30FBF004C21E1 /* HourlyAggregationViewModel.swift in Sources */ = {isa = PBXBuildFile; fileRef = B4F95C1625C30FBF004C21E1 /* HourlyAggregationViewModel.swift */; };
		B4F95C1825C30FBF004C21E1 /* HourlyAggregationViewModel.swift in Sources */ = {isa = PBXBuildFile; fileRef = B4F95C1625C30FBF004C21E1 /* HourlyAggregationViewModel.swift */; };
		B4F95C1F25C31005004C21E1 /* RangeReplaceableCollectionExtension.swift in Sources */ = {isa = PBXBuildFile; fileRef = B4F95C1E25C31005004C21E1 /* RangeReplaceableCollectionExtension.swift */; };
		B4F95C2025C31005004C21E1 /* RangeReplaceableCollectionExtension.swift in Sources */ = {isa = PBXBuildFile; fileRef = B4F95C1E25C31005004C21E1 /* RangeReplaceableCollectionExtension.swift */; };
		B4F95C2725C312F0004C21E1 /* WeeklyAggregationsViewModel.swift in Sources */ = {isa = PBXBuildFile; fileRef = B4F95C2625C312F0004C21E1 /* WeeklyAggregationsViewModel.swift */; };
		B4F95C2825C312F0004C21E1 /* WeeklyAggregationsViewModel.swift in Sources */ = {isa = PBXBuildFile; fileRef = B4F95C2625C312F0004C21E1 /* WeeklyAggregationsViewModel.swift */; };
		B4F95C2F25C313EE004C21E1 /* WeeklyChartShape.swift in Sources */ = {isa = PBXBuildFile; fileRef = B4F95C2E25C313EE004C21E1 /* WeeklyChartShape.swift */; };
		B4F95C3025C313EE004C21E1 /* WeeklyChartShape.swift in Sources */ = {isa = PBXBuildFile; fileRef = B4F95C2E25C313EE004C21E1 /* WeeklyChartShape.swift */; };
		B4F95C3725C31604004C21E1 /* MonthlyChartShape.swift in Sources */ = {isa = PBXBuildFile; fileRef = B4F95C3625C31604004C21E1 /* MonthlyChartShape.swift */; };
		B4F95C3825C31604004C21E1 /* MonthlyChartShape.swift in Sources */ = {isa = PBXBuildFile; fileRef = B4F95C3625C31604004C21E1 /* MonthlyChartShape.swift */; };
		E438B4CC24ACFB7D008A2E01 /* iOSMainView.swift in Sources */ = {isa = PBXBuildFile; fileRef = E438B4CB24ACFB7D008A2E01 /* iOSMainView.swift */; };
		E44EA3AD24EEA7EA00380E27 /* MapExtension.swift in Sources */ = {isa = PBXBuildFile; fileRef = E44EA3AC24EEA7EA00380E27 /* MapExtension.swift */; };
		E461458424A34831006233AE /* Tests_iOS.swift in Sources */ = {isa = PBXBuildFile; fileRef = E461458324A34831006233AE /* Tests_iOS.swift */; };
		E461458F24A34831006233AE /* Tests_macOS.swift in Sources */ = {isa = PBXBuildFile; fileRef = E461458E24A34831006233AE /* Tests_macOS.swift */; };
		E461459124A34831006233AE /* GfrorliApp.swift in Sources */ = {isa = PBXBuildFile; fileRef = E461456824A34823006233AE /* GfrorliApp.swift */; };
		E461459224A34831006233AE /* GfrorliApp.swift in Sources */ = {isa = PBXBuildFile; fileRef = E461456824A34823006233AE /* GfrorliApp.swift */; };
		E461459524A34831006233AE /* Assets.xcassets in Resources */ = {isa = PBXBuildFile; fileRef = E461456A24A34831006233AE /* Assets.xcassets */; };
		E461459624A34831006233AE /* Assets.xcassets in Resources */ = {isa = PBXBuildFile; fileRef = E461456A24A34831006233AE /* Assets.xcassets */; };
		E4C24FE724EEB58400FB4F51 /* Sensor.swift in Sources */ = {isa = PBXBuildFile; fileRef = E4C24FE624EEB58400FB4F51 /* Sensor.swift */; };
		E4C24FE924EEB5AA00FB4F51 /* TempAggregations.swift in Sources */ = {isa = PBXBuildFile; fileRef = E4C24FE824EEB5AA00FB4F51 /* TempAggregations.swift */; };
/* End PBXBuildFile section */

/* Begin PBXContainerItemProxy section */
		8D9B0FD824F3A2E8003502C8 /* PBXContainerItemProxy */ = {
			isa = PBXContainerItemProxy;
			containerPortal = E461456324A34823006233AE /* Project object */;
			proxyType = 1;
			remoteGlobalIDString = 8D9B0FCB24F3A2E7003502C8;
			remoteInfo = GfroerliWidgetExtension;
		};
		E461458024A34831006233AE /* PBXContainerItemProxy */ = {
			isa = PBXContainerItemProxy;
			containerPortal = E461456324A34823006233AE /* Project object */;
			proxyType = 1;
			remoteGlobalIDString = E461456E24A34831006233AE;
			remoteInfo = iOS;
		};
		E461458B24A34831006233AE /* PBXContainerItemProxy */ = {
			isa = PBXContainerItemProxy;
			containerPortal = E461456324A34823006233AE /* Project object */;
			proxyType = 1;
			remoteGlobalIDString = E461457624A34831006233AE;
			remoteInfo = macOS;
		};
/* End PBXContainerItemProxy section */

/* Begin PBXCopyFilesBuildPhase section */
		8D9B0FDB24F3A2E8003502C8 /* Embed App Extensions */ = {
			isa = PBXCopyFilesBuildPhase;
			buildActionMask = 12;
			dstPath = "";
			dstSubfolderSpec = 13;
			files = (
				8D9B0FDA24F3A2E8003502C8 /* Widgets.appex in Embed App Extensions */,
			);
			name = "Embed App Extensions";
			runOnlyForDeploymentPostprocessing = 0;
		};
/* End PBXCopyFilesBuildPhase section */

/* Begin PBXFileReference section */
		8D04196724F50258003D64D4 /* SensorScrollItem.swift */ = {isa = PBXFileReference; lastKnownFileType = sourcecode.swift; path = SensorScrollItem.swift; sourceTree = "<group>"; };
		8D04196924F50349003D64D4 /* RiverData.swift */ = {isa = PBXFileReference; lastKnownFileType = sourcecode.swift; path = RiverData.swift; sourceTree = "<group>"; };
		8D04E84625AB79F100B5902A /* AppStore_FR.rtf */ = {isa = PBXFileReference; lastKnownFileType = text.rtf; path = AppStore_FR.rtf; sourceTree = "<group>"; };
		8D05A2DA253F645300E7C1BD /* PreViewExtension.swift */ = {isa = PBXFileReference; lastKnownFileType = sourcecode.swift; path = PreViewExtension.swift; sourceTree = "<group>"; };
		8D0D7FE124F107B60068176C /* OverView.swift */ = {isa = PBXFileReference; lastKnownFileType = sourcecode.swift; path = OverView.swift; sourceTree = "<group>"; };
		8D0D7FE324F107C10068176C /* FavoritesView.swift */ = {isa = PBXFileReference; lastKnownFileType = sourcecode.swift; path = FavoritesView.swift; sourceTree = "<group>"; };
		8D0D7FE524F107D30068176C /* SettingsView.swift */ = {isa = PBXFileReference; lastKnownFileType = sourcecode.swift; path = SettingsView.swift; sourceTree = "<group>"; };
		8D0D7FE724F10F610068176C /* LakesData.swift */ = {isa = PBXFileReference; lastKnownFileType = sourcecode.swift; path = LakesData.swift; sourceTree = "<group>"; };
		8D0D7FE924F1109A0068176C /* ScrollItem.swift */ = {isa = PBXFileReference; lastKnownFileType = sourcecode.swift; path = ScrollItem.swift; sourceTree = "<group>"; };
		8D2701C625153082007BB0E1 /* LoadingView.swift */ = {isa = PBXFileReference; lastKnownFileType = sourcecode.swift; path = LoadingView.swift; sourceTree = "<group>"; };
		8D3D36EF250BBC8500F11E48 /* SensorOverViewGraph.swift */ = {isa = PBXFileReference; lastKnownFileType = sourcecode.swift; path = SensorOverViewGraph.swift; sourceTree = "<group>"; };
		8D3D36F1250BBEF000F11E48 /* SensorOverviewSponsorView.swift */ = {isa = PBXFileReference; lastKnownFileType = sourcecode.swift; path = SensorOverviewSponsorView.swift; sourceTree = "<group>"; };
		8D3D3701250C190500F11E48 /* IntentsUI.framework */ = {isa = PBXFileReference; lastKnownFileType = wrapper.framework; name = IntentsUI.framework; path = Library/Frameworks/IntentsUI.framework; sourceTree = DEVELOPER_DIR; };
		8D3D3716250C1C3B00F11E48 /* SiriButton.swift */ = {isa = PBXFileReference; lastKnownFileType = sourcecode.swift; path = SiriButton.swift; sourceTree = "<group>"; };
		8D3D376D250CBAAF00F11E48 /* Notes.rtf */ = {isa = PBXFileReference; lastKnownFileType = text.rtf; path = Notes.rtf; sourceTree = "<group>"; };
		8D4731B024F3F93200EE5536 /* WidgetSettingsView.swift */ = {isa = PBXFileReference; lastKnownFileType = sourcecode.swift; path = WidgetSettingsView.swift; sourceTree = "<group>"; };
		8D49A370250A3E6B000B26CD /* Gfror.liRelease.entitlements */ = {isa = PBXFileReference; lastKnownFileType = text.plist.entitlements; path = Gfror.liRelease.entitlements; sourceTree = "<group>"; };
		8D49A371250A3F98000B26CD /* WidgetsRelease.entitlements */ = {isa = PBXFileReference; lastKnownFileType = text.plist.entitlements; path = WidgetsRelease.entitlements; sourceTree = "<group>"; };
		8D49A37D250A5095000B26CD /* MainWidgetFile.swift */ = {isa = PBXFileReference; lastKnownFileType = sourcecode.swift; path = MainWidgetFile.swift; sourceTree = "<group>"; };
		8D5066E424F7F33400E426DE /* Helpers.swift */ = {isa = PBXFileReference; fileEncoding = 4; lastKnownFileType = sourcecode.swift; path = Helpers.swift; sourceTree = "<group>"; };
		8D580B58259FA33800202262 /* FAQView.swift */ = {isa = PBXFileReference; lastKnownFileType = sourcecode.swift; path = FAQView.swift; sourceTree = "<group>"; };
		8D5D25CA257A98D1002852F4 /* SensorListItem.swift */ = {isa = PBXFileReference; lastKnownFileType = sourcecode.swift; path = SensorListItem.swift; sourceTree = "<group>"; };
		8D5EACEB252CE407006EBCD6 /* en */ = {isa = PBXFileReference; lastKnownFileType = text.plist.strings; name = en; path = en.lproj/Localizable.strings; sourceTree = "<group>"; };
		8D5EACF2252CE414006EBCD6 /* de */ = {isa = PBXFileReference; lastKnownFileType = text.plist.strings; name = de; path = de.lproj/Localizable.strings; sourceTree = "<group>"; };
		8D5EACF8252CE442006EBCD6 /* fr */ = {isa = PBXFileReference; lastKnownFileType = text.plist.strings; name = fr; path = fr.lproj/Localizable.strings; sourceTree = "<group>"; };
		8D6A7DC524F14115009A0026 /* LakeOverView.swift */ = {isa = PBXFileReference; lastKnownFileType = sourcecode.swift; path = LakeOverView.swift; sourceTree = "<group>"; };
		8D6A7DC724F15187009A0026 /* SensorOverView.swift */ = {isa = PBXFileReference; lastKnownFileType = sourcecode.swift; path = SensorOverView.swift; sourceTree = "<group>"; };
		8D73772E252BA7200075E04E /* Sponsor.swift */ = {isa = PBXFileReference; lastKnownFileType = sourcecode.swift; path = Sponsor.swift; sourceTree = "<group>"; };
		8D737736252BA8750075E04E /* SponsorsViewModel.swift */ = {isa = PBXFileReference; lastKnownFileType = sourcecode.swift; path = SponsorsViewModel.swift; sourceTree = "<group>"; };
		8D7E98BC257025EC00BC32EB /* ColorExtension.swift */ = {isa = PBXFileReference; lastKnownFileType = sourcecode.swift; path = ColorExtension.swift; sourceTree = "<group>"; };
		8D815A1E25A475590060AC85 /* gsw */ = {isa = PBXFileReference; lastKnownFileType = text.plist.strings; name = gsw; path = gsw.lproj/Localizable.strings; sourceTree = "<group>"; };
		8D815A2425A476D80060AC85 /* rm-CH */ = {isa = PBXFileReference; lastKnownFileType = text.plist.strings; name = "rm-CH"; path = "rm-CH.lproj/Localizable.strings"; sourceTree = "<group>"; };
		8D815A2B25A641D80060AC85 /* AppStore_DE.rtf */ = {isa = PBXFileReference; lastKnownFileType = text.rtf; path = AppStore_DE.rtf; sourceTree = "<group>"; };
		8D8533F925A788A800B8BD2E /* AppStore_ENG.rtf */ = {isa = PBXFileReference; lastKnownFileType = text.rtf; path = AppStore_ENG.rtf; sourceTree = "<group>"; };
		8D996DE225A23A2B00724453 /* MonthlyChartView.swift */ = {isa = PBXFileReference; lastKnownFileType = sourcecode.swift; path = MonthlyChartView.swift; sourceTree = "<group>"; };
		8D9B0FCC24F3A2E7003502C8 /* Widgets.appex */ = {isa = PBXFileReference; explicitFileType = "wrapper.app-extension"; includeInIndex = 0; path = Widgets.appex; sourceTree = BUILT_PRODUCTS_DIR; };
		8D9B0FCE24F3A2E7003502C8 /* WidgetKit.framework */ = {isa = PBXFileReference; lastKnownFileType = wrapper.framework; name = WidgetKit.framework; path = System/Library/Frameworks/WidgetKit.framework; sourceTree = SDKROOT; };
		8D9B0FD024F3A2E7003502C8 /* SwiftUI.framework */ = {isa = PBXFileReference; lastKnownFileType = wrapper.framework; name = SwiftUI.framework; path = System/Library/Frameworks/SwiftUI.framework; sourceTree = SDKROOT; };
		8D9B0FD524F3A2E8003502C8 /* Assets.xcassets */ = {isa = PBXFileReference; lastKnownFileType = folder.assetcatalog; path = Assets.xcassets; sourceTree = "<group>"; };
		8D9B0FD724F3A2E8003502C8 /* Info.plist */ = {isa = PBXFileReference; lastKnownFileType = text.plist.xml; path = Info.plist; sourceTree = "<group>"; };
		8D9B0FDF24F3A35A003502C8 /* Gfror.li.entitlements */ = {isa = PBXFileReference; lastKnownFileType = text.plist.entitlements; path = Gfror.li.entitlements; sourceTree = "<group>"; };
		8D9B0FE024F3A3A3003502C8 /* GfroerliWidgetExtension.entitlements */ = {isa = PBXFileReference; lastKnownFileType = text.plist.entitlements; path = GfroerliWidgetExtension.entitlements; sourceTree = "<group>"; };
		8D9B0FE324F3BEA4003502C8 /* WaveShape.swift */ = {isa = PBXFileReference; lastKnownFileType = sourcecode.swift; path = WaveShape.swift; sourceTree = "<group>"; };
		8DA7CEF42516108000395465 /* SensorListViewModel.swift */ = {isa = PBXFileReference; lastKnownFileType = sourcecode.swift; path = SensorListViewModel.swift; sourceTree = "<group>"; };
		8DA7CF01251611C700395465 /* SingleSensorViewModel.swift */ = {isa = PBXFileReference; lastKnownFileType = sourcecode.swift; path = SingleSensorViewModel.swift; sourceTree = "<group>"; };
		8DA7CF0E2516176300395465 /* TempAggregationsViewModel.swift */ = {isa = PBXFileReference; lastKnownFileType = sourcecode.swift; path = TempAggregationsViewModel.swift; sourceTree = "<group>"; };
		8DBC3C4A25756C080010D55B /* HourlyChartView.swift */ = {isa = PBXFileReference; lastKnownFileType = sourcecode.swift; path = HourlyChartView.swift; sourceTree = "<group>"; };
		8DBCDB8E2576C4C400CBDAA6 /* WeeklyChartView.swift */ = {isa = PBXFileReference; lastKnownFileType = sourcecode.swift; path = WeeklyChartView.swift; sourceTree = "<group>"; };
		8DBCDB952576D55800CBDAA6 /* Legend.swift */ = {isa = PBXFileReference; lastKnownFileType = sourcecode.swift; path = Legend.swift; sourceTree = "<group>"; };
		8DCB9A57257972E30063C628 /* SensorOverviewMap.swift */ = {isa = PBXFileReference; lastKnownFileType = sourcecode.swift; path = SensorOverviewMap.swift; sourceTree = "<group>"; };
		8DD06C2825A0E7340081250B /* GroupBoxExtension.swift */ = {isa = PBXFileReference; lastKnownFileType = sourcecode.swift; path = GroupBoxExtension.swift; sourceTree = "<group>"; };
		8DD06C2F25A0EF290081250B /* UIDeviceExtension.swift */ = {isa = PBXFileReference; lastKnownFileType = sourcecode.swift; path = UIDeviceExtension.swift; sourceTree = "<group>"; };
		8DF3BBC8250B4F2700DBCC37 /* URLExtension.swift */ = {isa = PBXFileReference; lastKnownFileType = sourcecode.swift; path = URLExtension.swift; sourceTree = "<group>"; };
		8DF3BBCA250B709700DBCC37 /* AllSensorView.swift */ = {isa = PBXFileReference; lastKnownFileType = sourcecode.swift; path = AllSensorView.swift; sourceTree = "<group>"; };
		8DF3BBCC250B748800DBCC37 /* SearchBar.swift */ = {isa = PBXFileReference; lastKnownFileType = sourcecode.swift; path = SearchBar.swift; sourceTree = "<group>"; };
		8DF3BBD4250BB62D00DBCC37 /* SensorOverviewLastMeasurementView.swift */ = {isa = PBXFileReference; lastKnownFileType = sourcecode.swift; path = SensorOverviewLastMeasurementView.swift; sourceTree = "<group>"; };
		8DF3BBD7250BB6BB00DBCC37 /* OwnHelpers.swift */ = {isa = PBXFileReference; lastKnownFileType = sourcecode.swift; path = OwnHelpers.swift; sourceTree = "<group>"; };
		B41B166425C9740F00E8FD18 /* sensors.json */ = {isa = PBXFileReference; fileEncoding = 4; lastKnownFileType = text.json; path = sensors.json; sourceTree = "<group>"; };
		B43568D125E3B31F00AA2B40 /* LocationNotificationHandler.swift */ = {isa = PBXFileReference; lastKnownFileType = sourcecode.swift; path = LocationNotificationHandler.swift; sourceTree = "<group>"; };
		B43568D925E3C91500AA2B40 /* LocationHandler.swift */ = {isa = PBXFileReference; lastKnownFileType = sourcecode.swift; path = LocationHandler.swift; sourceTree = "<group>"; };
		B4383A5425C3E891000A6D4F /* SingleSensorWidget.swift */ = {isa = PBXFileReference; lastKnownFileType = sourcecode.swift; path = SingleSensorWidget.swift; sourceTree = "<group>"; };
		B4383A6025C3F523000A6D4F /* SingleSensorGraphWidget.swift */ = {isa = PBXFileReference; lastKnownFileType = sourcecode.swift; path = SingleSensorGraphWidget.swift; sourceTree = "<group>"; };
		B4383A9325C3FE53000A6D4F /* WidgetAPILoaders.swift */ = {isa = PBXFileReference; lastKnownFileType = sourcecode.swift; path = WidgetAPILoaders.swift; sourceTree = "<group>"; };
		B4383B1325C466A7000A6D4F /* fr */ = {isa = PBXFileReference; lastKnownFileType = text.plist.strings; name = fr; path = fr.lproj/GraphWidgetIntent.strings; sourceTree = "<group>"; };
		B4383B1525C466B6000A6D4F /* de */ = {isa = PBXFileReference; lastKnownFileType = text.plist.strings; name = de; path = de.lproj/GraphWidgetIntent.strings; sourceTree = "<group>"; };
		B4383B1725C466B7000A6D4F /* it */ = {isa = PBXFileReference; lastKnownFileType = text.plist.strings; name = it; path = it.lproj/GraphWidgetIntent.strings; sourceTree = "<group>"; };
		B4383B1925C466BA000A6D4F /* rm-CH */ = {isa = PBXFileReference; lastKnownFileType = text.plist.strings; name = "rm-CH"; path = "rm-CH.lproj/GraphWidgetIntent.strings"; sourceTree = "<group>"; };
		B4383B1C25C466C3000A6D4F /* gsw */ = {isa = PBXFileReference; lastKnownFileType = text.plist.strings; name = gsw; path = gsw.lproj/GraphWidgetIntent.strings; sourceTree = "<group>"; };
		B4383B2C25C46C67000A6D4F /* Base */ = {isa = PBXFileReference; lastKnownFileType = file.intentdefinition; name = Base; path = Base.lproj/GraphWidgetIntent.intentdefinition; sourceTree = "<group>"; };
		B4383B2E25C46C77000A6D4F /* en */ = {isa = PBXFileReference; lastKnownFileType = text.plist.strings; name = en; path = en.lproj/GraphWidgetIntent.strings; sourceTree = "<group>"; };
		B4B19E2425C9F1FB0026E939 /* AppStore_IT.rtf */ = {isa = PBXFileReference; lastKnownFileType = text.rtf; path = AppStore_IT.rtf; sourceTree = "<group>"; };
		B4B37A4825C2C1D500DA76A5 /* AsyncContentView.swift */ = {isa = PBXFileReference; lastKnownFileType = sourcecode.swift; path = AsyncContentView.swift; sourceTree = "<group>"; };
		B4B37A5525C2C43400DA76A5 /* LoadableObject.swift */ = {isa = PBXFileReference; lastKnownFileType = sourcecode.swift; path = LoadableObject.swift; sourceTree = "<group>"; };
		B4BDEF3025E40EEB00A82E16 /* SensorNotificationView.swift */ = {isa = PBXFileReference; lastKnownFileType = sourcecode.swift; path = SensorNotificationView.swift; sourceTree = "<group>"; };
		B4C3A9B725EECE530059FCF0 /* AboutView.swift */ = {isa = PBXFileReference; lastKnownFileType = sourcecode.swift; path = AboutView.swift; sourceTree = "<group>"; };
		B4F95C0725C2EC46004C21E1 /* ViewExtensions.swift */ = {isa = PBXFileReference; lastKnownFileType = sourcecode.swift; path = ViewExtensions.swift; sourceTree = "<group>"; };
		B4F95C0E25C30F38004C21E1 /* HourlyChartShape.swift */ = {isa = PBXFileReference; lastKnownFileType = sourcecode.swift; path = HourlyChartShape.swift; sourceTree = "<group>"; };
		B4F95C1625C30FBF004C21E1 /* HourlyAggregationViewModel.swift */ = {isa = PBXFileReference; lastKnownFileType = sourcecode.swift; path = HourlyAggregationViewModel.swift; sourceTree = "<group>"; };
		B4F95C1E25C31005004C21E1 /* RangeReplaceableCollectionExtension.swift */ = {isa = PBXFileReference; lastKnownFileType = sourcecode.swift; path = RangeReplaceableCollectionExtension.swift; sourceTree = "<group>"; };
		B4F95C2625C312F0004C21E1 /* WeeklyAggregationsViewModel.swift */ = {isa = PBXFileReference; lastKnownFileType = sourcecode.swift; path = WeeklyAggregationsViewModel.swift; sourceTree = "<group>"; };
		B4F95C2E25C313EE004C21E1 /* WeeklyChartShape.swift */ = {isa = PBXFileReference; lastKnownFileType = sourcecode.swift; path = WeeklyChartShape.swift; sourceTree = "<group>"; };
		B4F95C3625C31604004C21E1 /* MonthlyChartShape.swift */ = {isa = PBXFileReference; lastKnownFileType = sourcecode.swift; path = MonthlyChartShape.swift; sourceTree = "<group>"; };
		B4F95C4625C31975004C21E1 /* it */ = {isa = PBXFileReference; lastKnownFileType = text.plist.strings; name = it; path = it.lproj/Localizable.strings; sourceTree = "<group>"; };
		E438B4CB24ACFB7D008A2E01 /* iOSMainView.swift */ = {isa = PBXFileReference; lastKnownFileType = sourcecode.swift; path = iOSMainView.swift; sourceTree = "<group>"; };
		E44EA3AC24EEA7EA00380E27 /* MapExtension.swift */ = {isa = PBXFileReference; lastKnownFileType = sourcecode.swift; path = MapExtension.swift; sourceTree = "<group>"; };
		E461456824A34823006233AE /* GfrorliApp.swift */ = {isa = PBXFileReference; lastKnownFileType = sourcecode.swift; path = GfrorliApp.swift; sourceTree = "<group>"; };
		E461456A24A34831006233AE /* Assets.xcassets */ = {isa = PBXFileReference; lastKnownFileType = folder.assetcatalog; path = Assets.xcassets; sourceTree = "<group>"; };
		E461456F24A34831006233AE /* Gfror.li.app */ = {isa = PBXFileReference; explicitFileType = wrapper.application; includeInIndex = 0; path = Gfror.li.app; sourceTree = BUILT_PRODUCTS_DIR; };
		E461457224A34831006233AE /* Info.plist */ = {isa = PBXFileReference; lastKnownFileType = text.plist.xml; path = Info.plist; sourceTree = "<group>"; };
		E461457724A34831006233AE /* Gfror.li.app */ = {isa = PBXFileReference; explicitFileType = wrapper.application; includeInIndex = 0; path = Gfror.li.app; sourceTree = BUILT_PRODUCTS_DIR; };
		E461457924A34831006233AE /* Info.plist */ = {isa = PBXFileReference; lastKnownFileType = text.plist.xml; path = Info.plist; sourceTree = "<group>"; };
		E461457A24A34831006233AE /* macOS.entitlements */ = {isa = PBXFileReference; lastKnownFileType = text.plist.entitlements; path = macOS.entitlements; sourceTree = "<group>"; };
		E461457F24A34831006233AE /* Tests iOS.xctest */ = {isa = PBXFileReference; explicitFileType = wrapper.cfbundle; includeInIndex = 0; path = "Tests iOS.xctest"; sourceTree = BUILT_PRODUCTS_DIR; };
		E461458324A34831006233AE /* Tests_iOS.swift */ = {isa = PBXFileReference; lastKnownFileType = sourcecode.swift; path = Tests_iOS.swift; sourceTree = "<group>"; };
		E461458524A34831006233AE /* Info.plist */ = {isa = PBXFileReference; lastKnownFileType = text.plist.xml; path = Info.plist; sourceTree = "<group>"; };
		E461458A24A34831006233AE /* Tests macOS.xctest */ = {isa = PBXFileReference; explicitFileType = wrapper.cfbundle; includeInIndex = 0; path = "Tests macOS.xctest"; sourceTree = BUILT_PRODUCTS_DIR; };
		E461458E24A34831006233AE /* Tests_macOS.swift */ = {isa = PBXFileReference; lastKnownFileType = sourcecode.swift; path = Tests_macOS.swift; sourceTree = "<group>"; };
		E461459024A34831006233AE /* Info.plist */ = {isa = PBXFileReference; lastKnownFileType = text.plist.xml; path = Info.plist; sourceTree = "<group>"; };
		E4C24FE624EEB58400FB4F51 /* Sensor.swift */ = {isa = PBXFileReference; lastKnownFileType = sourcecode.swift; path = Sensor.swift; sourceTree = "<group>"; };
		E4C24FE824EEB5AA00FB4F51 /* TempAggregations.swift */ = {isa = PBXFileReference; lastKnownFileType = sourcecode.swift; path = TempAggregations.swift; sourceTree = "<group>"; };
/* End PBXFileReference section */

/* Begin PBXFrameworksBuildPhase section */
		8D9B0FC924F3A2E7003502C8 /* Frameworks */ = {
			isa = PBXFrameworksBuildPhase;
			buildActionMask = 2147483647;
			files = (
				8D9B0FD124F3A2E7003502C8 /* SwiftUI.framework in Frameworks */,
				8D9B0FCF24F3A2E7003502C8 /* WidgetKit.framework in Frameworks */,
			);
			runOnlyForDeploymentPostprocessing = 0;
		};
		E461456C24A34831006233AE /* Frameworks */ = {
			isa = PBXFrameworksBuildPhase;
			buildActionMask = 2147483647;
			files = (
			);
			runOnlyForDeploymentPostprocessing = 0;
		};
		E461457424A34831006233AE /* Frameworks */ = {
			isa = PBXFrameworksBuildPhase;
			buildActionMask = 2147483647;
			files = (
			);
			runOnlyForDeploymentPostprocessing = 0;
		};
		E461457C24A34831006233AE /* Frameworks */ = {
			isa = PBXFrameworksBuildPhase;
			buildActionMask = 2147483647;
			files = (
			);
			runOnlyForDeploymentPostprocessing = 0;
		};
		E461458724A34831006233AE /* Frameworks */ = {
			isa = PBXFrameworksBuildPhase;
			buildActionMask = 2147483647;
			files = (
			);
			runOnlyForDeploymentPostprocessing = 0;
		};
/* End PBXFrameworksBuildPhase section */

/* Begin PBXGroup section */
		8D0D7FDE24F101E70068176C /* CostumUI */ = {
			isa = PBXGroup;
			children = (
				8D0D7FE924F1109A0068176C /* ScrollItem.swift */,
				8D04196724F50258003D64D4 /* SensorScrollItem.swift */,
				8DF3BBCC250B748800DBCC37 /* SearchBar.swift */,
				8D5D25CA257A98D1002852F4 /* SensorListItem.swift */,
				8D3D3716250C1C3B00F11E48 /* SiriButton.swift */,
				8D2701C625153082007BB0E1 /* LoadingView.swift */,
			);
			path = CostumUI;
			sourceTree = "<group>";
		};
		8D5066D124F7F33400E426DE /* SwiftUICharts */ = {
			isa = PBXGroup;
			children = (
				8D5066D224F7F33400E426DE /* LineChartApp */,
				8D5066E424F7F33400E426DE /* Helpers.swift */,
			);
			path = SwiftUICharts;
			sourceTree = "<group>";
		};
		8D5066D224F7F33400E426DE /* LineChartApp */ = {
			isa = PBXGroup;
			children = (
				8DBC3C4A25756C080010D55B /* HourlyChartView.swift */,
				B4F95C0E25C30F38004C21E1 /* HourlyChartShape.swift */,
				8DBCDB8E2576C4C400CBDAA6 /* WeeklyChartView.swift */,
				B4F95C2E25C313EE004C21E1 /* WeeklyChartShape.swift */,
				8D996DE225A23A2B00724453 /* MonthlyChartView.swift */,
				B4F95C3625C31604004C21E1 /* MonthlyChartShape.swift */,
				8DBCDB952576D55800CBDAA6 /* Legend.swift */,
			);
			path = LineChartApp;
			sourceTree = "<group>";
		};
		8D815A2A25A63AE80060AC85 /* AppStoreData */ = {
			isa = PBXGroup;
			children = (
				8D815A2B25A641D80060AC85 /* AppStore_DE.rtf */,
				8D8533F925A788A800B8BD2E /* AppStore_ENG.rtf */,
				8D04E84625AB79F100B5902A /* AppStore_FR.rtf */,
				B4B19E2425C9F1FB0026E939 /* AppStore_IT.rtf */,
			);
			path = AppStoreData;
			sourceTree = "<group>";
		};
		8D9B0FCD24F3A2E7003502C8 /* Frameworks */ = {
			isa = PBXGroup;
			children = (
				8D9B0FCE24F3A2E7003502C8 /* WidgetKit.framework */,
				8D9B0FD024F3A2E7003502C8 /* SwiftUI.framework */,
				8D3D3701250C190500F11E48 /* IntentsUI.framework */,
			);
			name = Frameworks;
			sourceTree = "<group>";
		};
		8D9B0FD224F3A2E7003502C8 /* GfroerliWidget */ = {
			isa = PBXGroup;
			children = (
				B4383A5425C3E891000A6D4F /* SingleSensorWidget.swift */,
				B4383A6025C3F523000A6D4F /* SingleSensorGraphWidget.swift */,
				B4383A9325C3FE53000A6D4F /* WidgetAPILoaders.swift */,
				8D49A37D250A5095000B26CD /* MainWidgetFile.swift */,
				8D9B0FE324F3BEA4003502C8 /* WaveShape.swift */,
				8D9B0FD524F3A2E8003502C8 /* Assets.xcassets */,
				8D9B0FD724F3A2E8003502C8 /* Info.plist */,
				B4383B0C25C466A0000A6D4F /* GraphWidgetIntent.intentdefinition */,
			);
			path = GfroerliWidget;
			sourceTree = "<group>";
		};
		8DA7CEF32516105900395465 /* ViewModels */ = {
			isa = PBXGroup;
			children = (
				8DA7CEF42516108000395465 /* SensorListViewModel.swift */,
				8DA7CF01251611C700395465 /* SingleSensorViewModel.swift */,
				8DA7CF0E2516176300395465 /* TempAggregationsViewModel.swift */,
				B4F95C2625C312F0004C21E1 /* WeeklyAggregationsViewModel.swift */,
				B4F95C1625C30FBF004C21E1 /* HourlyAggregationViewModel.swift */,
				8D737736252BA8750075E04E /* SponsorsViewModel.swift */,
			);
			path = ViewModels;
			sourceTree = "<group>";
		};
		8DF3BBCE250BB4A900DBCC37 /* MainViews */ = {
			isa = PBXGroup;
			children = (
				E438B4CB24ACFB7D008A2E01 /* iOSMainView.swift */,
				8DF3BBCF250BB4B700DBCC37 /* Overview */,
				8DF3BBD2250BB4D000DBCC37 /* List */,
				8DF3BBD1250BB4CA00DBCC37 /* Favorites */,
				8DF3BBD0250BB4C300DBCC37 /* Settings */,
			);
			path = MainViews;
			sourceTree = "<group>";
		};
		8DF3BBCF250BB4B700DBCC37 /* Overview */ = {
			isa = PBXGroup;
			children = (
				8D0D7FE124F107B60068176C /* OverView.swift */,
				8D6A7DC524F14115009A0026 /* LakeOverView.swift */,
				8D580B58259FA33800202262 /* FAQView.swift */,
				8DF3BBD3250BB54C00DBCC37 /* SensorOverView */,
			);
			path = Overview;
			sourceTree = "<group>";
		};
		8DF3BBD0250BB4C300DBCC37 /* Settings */ = {
			isa = PBXGroup;
			children = (
				8D0D7FE524F107D30068176C /* SettingsView.swift */,
				8D4731B024F3F93200EE5536 /* WidgetSettingsView.swift */,
				B4C3A9B725EECE530059FCF0 /* AboutView.swift */,
			);
			path = Settings;
			sourceTree = "<group>";
		};
		8DF3BBD1250BB4CA00DBCC37 /* Favorites */ = {
			isa = PBXGroup;
			children = (
				8D0D7FE324F107C10068176C /* FavoritesView.swift */,
			);
			path = Favorites;
			sourceTree = "<group>";
		};
		8DF3BBD2250BB4D000DBCC37 /* List */ = {
			isa = PBXGroup;
			children = (
				8DF3BBCA250B709700DBCC37 /* AllSensorView.swift */,
			);
			path = List;
			sourceTree = "<group>";
		};
		8DF3BBD3250BB54C00DBCC37 /* SensorOverView */ = {
			isa = PBXGroup;
			children = (
				8D6A7DC724F15187009A0026 /* SensorOverView.swift */,
				8DCB9A57257972E30063C628 /* SensorOverviewMap.swift */,
				8DF3BBD4250BB62D00DBCC37 /* SensorOverviewLastMeasurementView.swift */,
				8D3D36EF250BBC8500F11E48 /* SensorOverViewGraph.swift */,
				8D3D36F1250BBEF000F11E48 /* SensorOverviewSponsorView.swift */,
				B4BDEF3025E40EEB00A82E16 /* SensorNotificationView.swift */,
			);
			path = SensorOverView;
			sourceTree = "<group>";
		};
		8DF3BBD6250BB69700DBCC37 /* HelpersFolder */ = {
			isa = PBXGroup;
			children = (
				8DF3BBD7250BB6BB00DBCC37 /* OwnHelpers.swift */,
			);
			path = HelpersFolder;
			sourceTree = "<group>";
		};
		B43568B125E3B10900AA2B40 /* notification */ = {
			isa = PBXGroup;
			children = (
				B43568D125E3B31F00AA2B40 /* LocationNotificationHandler.swift */,
			);
			path = notification;
			sourceTree = "<group>";
		};
		B43568D825E3C8F800AA2B40 /* location */ = {
			isa = PBXGroup;
			children = (
				B43568D925E3C91500AA2B40 /* LocationHandler.swift */,
			);
			path = location;
			sourceTree = "<group>";
		};
		B4B37A5D25C2C43900DA76A5 /* protocols */ = {
			isa = PBXGroup;
			children = (
				B4B37A5525C2C43400DA76A5 /* LoadableObject.swift */,
			);
			path = protocols;
			sourceTree = "<group>";
		};
		E438B4C924ACFB49008A2E01 /* iOSViews */ = {
			isa = PBXGroup;
			children = (
				8DF3BBCE250BB4A900DBCC37 /* MainViews */,
				8D0D7FDE24F101E70068176C /* CostumUI */,
			);
			path = iOSViews;
			sourceTree = "<group>";
		};
		E44EA3AE24EEA88200380E27 /* extensions */ = {
			isa = PBXGroup;
			children = (
				8D5066D124F7F33400E426DE /* SwiftUICharts */,
				E44EA3AC24EEA7EA00380E27 /* MapExtension.swift */,
				8DD06C2825A0E7340081250B /* GroupBoxExtension.swift */,
				8DF3BBC8250B4F2700DBCC37 /* URLExtension.swift */,
				8D05A2DA253F645300E7C1BD /* PreViewExtension.swift */,
				8D7E98BC257025EC00BC32EB /* ColorExtension.swift */,
				8DD06C2F25A0EF290081250B /* UIDeviceExtension.swift */,
				B4F95C0725C2EC46004C21E1 /* ViewExtensions.swift */,
				B4F95C1E25C31005004C21E1 /* RangeReplaceableCollectionExtension.swift */,
			);
			path = extensions;
			sourceTree = "<group>";
		};
		E461456224A34823006233AE = {
			isa = PBXGroup;
			children = (
				8D49A371250A3F98000B26CD /* WidgetsRelease.entitlements */,
				8D9B0FE024F3A3A3003502C8 /* GfroerliWidgetExtension.entitlements */,
				E461456724A34823006233AE /* Shared */,
				E461457124A34831006233AE /* iOS */,
				E461457824A34831006233AE /* macOS */,
				E461458224A34831006233AE /* Tests iOS */,
				E461458D24A34831006233AE /* Tests macOS */,
				8D9B0FD224F3A2E7003502C8 /* GfroerliWidget */,
				8D9B0FCD24F3A2E7003502C8 /* Frameworks */,
				E461457024A34831006233AE /* Products */,
			);
			sourceTree = "<group>";
		};
		E461456724A34823006233AE /* Shared */ = {
			isa = PBXGroup;
			children = (
				B4B37A5D25C2C43900DA76A5 /* protocols */,
				8D815A2A25A63AE80060AC85 /* AppStoreData */,
				8DF3BBD6250BB69700DBCC37 /* HelpersFolder */,
				B43568D825E3C8F800AA2B40 /* location */,
				B43568B125E3B10900AA2B40 /* notification */,
				E4C24FE424EEB57500FB4F51 /* api */,
				E44EA3AE24EEA88200380E27 /* extensions */,
				E461456824A34823006233AE /* GfrorliApp.swift */,
				E461456A24A34831006233AE /* Assets.xcassets */,
				8D5EACEC252CE407006EBCD6 /* Localizable.strings */,
			);
			path = Shared;
			sourceTree = "<group>";
		};
		E461457024A34831006233AE /* Products */ = {
			isa = PBXGroup;
			children = (
				E461456F24A34831006233AE /* Gfror.li.app */,
				E461457724A34831006233AE /* Gfror.li.app */,
				E461457F24A34831006233AE /* Tests iOS.xctest */,
				E461458A24A34831006233AE /* Tests macOS.xctest */,
				8D9B0FCC24F3A2E7003502C8 /* Widgets.appex */,
			);
			name = Products;
			sourceTree = "<group>";
		};
		E461457124A34831006233AE /* iOS */ = {
			isa = PBXGroup;
			children = (
				E438B4C924ACFB49008A2E01 /* iOSViews */,
				8D49A370250A3E6B000B26CD /* Gfror.liRelease.entitlements */,
				8D9B0FDF24F3A35A003502C8 /* Gfror.li.entitlements */,
				E461457224A34831006233AE /* Info.plist */,
			);
			path = iOS;
			sourceTree = "<group>";
		};
		E461457824A34831006233AE /* macOS */ = {
			isa = PBXGroup;
			children = (
				E461457924A34831006233AE /* Info.plist */,
				E461457A24A34831006233AE /* macOS.entitlements */,
			);
			path = macOS;
			sourceTree = "<group>";
		};
		E461458224A34831006233AE /* Tests iOS */ = {
			isa = PBXGroup;
			children = (
				E461458324A34831006233AE /* Tests_iOS.swift */,
				E461458524A34831006233AE /* Info.plist */,
			);
			path = "Tests iOS";
			sourceTree = "<group>";
		};
		E461458D24A34831006233AE /* Tests macOS */ = {
			isa = PBXGroup;
			children = (
				E461458E24A34831006233AE /* Tests_macOS.swift */,
				E461459024A34831006233AE /* Info.plist */,
			);
			path = "Tests macOS";
			sourceTree = "<group>";
		};
		E4C24FE424EEB57500FB4F51 /* api */ = {
			isa = PBXGroup;
			children = (
				B41B166425C9740F00E8FD18 /* sensors.json */,
				8DA7CEF32516105900395465 /* ViewModels */,
				E4C24FE524EEB57A00FB4F51 /* Models */,
				8D3D376D250CBAAF00F11E48 /* Notes.rtf */,
				B4B37A4825C2C1D500DA76A5 /* AsyncContentView.swift */,
			);
			path = api;
			sourceTree = "<group>";
		};
		E4C24FE524EEB57A00FB4F51 /* Models */ = {
			isa = PBXGroup;
			children = (
				E4C24FE624EEB58400FB4F51 /* Sensor.swift */,
				8D73772E252BA7200075E04E /* Sponsor.swift */,
				E4C24FE824EEB5AA00FB4F51 /* TempAggregations.swift */,
				8D0D7FE724F10F610068176C /* LakesData.swift */,
				8D04196924F50349003D64D4 /* RiverData.swift */,
			);
			path = Models;
			sourceTree = "<group>";
		};
/* End PBXGroup section */

/* Begin PBXNativeTarget section */
		8D9B0FCB24F3A2E7003502C8 /* Widgets */ = {
			isa = PBXNativeTarget;
			buildConfigurationList = 8D9B0FDE24F3A2E8003502C8 /* Build configuration list for PBXNativeTarget "Widgets" */;
			buildPhases = (
				8D9B0FC824F3A2E7003502C8 /* Sources */,
				8D9B0FC924F3A2E7003502C8 /* Frameworks */,
				8D9B0FCA24F3A2E7003502C8 /* Resources */,
			);
			buildRules = (
			);
			dependencies = (
			);
			name = Widgets;
			productName = GfroerliWidgetExtension;
			productReference = 8D9B0FCC24F3A2E7003502C8 /* Widgets.appex */;
			productType = "com.apple.product-type.app-extension";
		};
		E461456E24A34831006233AE /* iOS */ = {
			isa = PBXNativeTarget;
			buildConfigurationList = E461459924A34831006233AE /* Build configuration list for PBXNativeTarget "iOS" */;
			buildPhases = (
				E461456B24A34831006233AE /* Sources */,
				E461456C24A34831006233AE /* Frameworks */,
				E461456D24A34831006233AE /* Resources */,
				8D9B0FDB24F3A2E8003502C8 /* Embed App Extensions */,
			);
			buildRules = (
			);
			dependencies = (
				8D9B0FD924F3A2E8003502C8 /* PBXTargetDependency */,
			);
			name = iOS;
			productName = iOS;
			productReference = E461456F24A34831006233AE /* Gfror.li.app */;
			productType = "com.apple.product-type.application";
		};
		E461457624A34831006233AE /* macOS */ = {
			isa = PBXNativeTarget;
			buildConfigurationList = E461459C24A34831006233AE /* Build configuration list for PBXNativeTarget "macOS" */;
			buildPhases = (
				E461457324A34831006233AE /* Sources */,
				E461457424A34831006233AE /* Frameworks */,
				E461457524A34831006233AE /* Resources */,
			);
			buildRules = (
			);
			dependencies = (
			);
			name = macOS;
			productName = macOS;
			productReference = E461457724A34831006233AE /* Gfror.li.app */;
			productType = "com.apple.product-type.application";
		};
		E461457E24A34831006233AE /* Tests iOS */ = {
			isa = PBXNativeTarget;
			buildConfigurationList = E461459F24A34831006233AE /* Build configuration list for PBXNativeTarget "Tests iOS" */;
			buildPhases = (
				E461457B24A34831006233AE /* Sources */,
				E461457C24A34831006233AE /* Frameworks */,
				E461457D24A34831006233AE /* Resources */,
			);
			buildRules = (
			);
			dependencies = (
				E461458124A34831006233AE /* PBXTargetDependency */,
			);
			name = "Tests iOS";
			productName = "Tests iOS";
			productReference = E461457F24A34831006233AE /* Tests iOS.xctest */;
			productType = "com.apple.product-type.bundle.ui-testing";
		};
		E461458924A34831006233AE /* Tests macOS */ = {
			isa = PBXNativeTarget;
			buildConfigurationList = E46145A224A34831006233AE /* Build configuration list for PBXNativeTarget "Tests macOS" */;
			buildPhases = (
				E461458624A34831006233AE /* Sources */,
				E461458724A34831006233AE /* Frameworks */,
				E461458824A34831006233AE /* Resources */,
			);
			buildRules = (
			);
			dependencies = (
				E461458C24A34831006233AE /* PBXTargetDependency */,
			);
			name = "Tests macOS";
			productName = "Tests macOS";
			productReference = E461458A24A34831006233AE /* Tests macOS.xctest */;
			productType = "com.apple.product-type.bundle.ui-testing";
		};
/* End PBXNativeTarget section */

/* Begin PBXProject section */
		E461456324A34823006233AE /* Project object */ = {
			isa = PBXProject;
			attributes = {
				LastSwiftUpdateCheck = 1200;
				LastUpgradeCheck = 1230;
				TargetAttributes = {
					8D9B0FCB24F3A2E7003502C8 = {
						CreatedOnToolsVersion = 12.0;
					};
					E461456E24A34831006233AE = {
						CreatedOnToolsVersion = 12.0;
					};
					E461457624A34831006233AE = {
						CreatedOnToolsVersion = 12.0;
					};
					E461457E24A34831006233AE = {
						CreatedOnToolsVersion = 12.0;
						TestTargetID = E461456E24A34831006233AE;
					};
					E461458924A34831006233AE = {
						CreatedOnToolsVersion = 12.0;
						TestTargetID = E461457624A34831006233AE;
					};
				};
			};
			buildConfigurationList = E461456624A34823006233AE /* Build configuration list for PBXProject "Gfror.li" */;
			compatibilityVersion = "Xcode 9.3";
			developmentRegion = en;
			hasScannedForEncodings = 0;
			knownRegions = (
				en,
				fr,
				Base,
				de,
				gsw,
				"rm-CH",
				it,
			);
			mainGroup = E461456224A34823006233AE;
			productRefGroup = E461457024A34831006233AE /* Products */;
			projectDirPath = "";
			projectRoot = "";
			targets = (
				E461456E24A34831006233AE /* iOS */,
				E461457624A34831006233AE /* macOS */,
				E461457E24A34831006233AE /* Tests iOS */,
				E461458924A34831006233AE /* Tests macOS */,
				8D9B0FCB24F3A2E7003502C8 /* Widgets */,
			);
		};
/* End PBXProject section */

/* Begin PBXResourcesBuildPhase section */
		8D9B0FCA24F3A2E7003502C8 /* Resources */ = {
			isa = PBXResourcesBuildPhase;
			buildActionMask = 2147483647;
			files = (
				8D9B1AEC24F463750047FAC2 /* Assets.xcassets in Resources */,
				8D5EACEA252CE407006EBCD6 /* Localizable.strings in Resources */,
			);
			runOnlyForDeploymentPostprocessing = 0;
		};
		E461456D24A34831006233AE /* Resources */ = {
			isa = PBXResourcesBuildPhase;
			buildActionMask = 2147483647;
			files = (
				8D04E84725AB79F100B5902A /* AppStore_FR.rtf in Resources */,
				8D3D376E250CBAAF00F11E48 /* Notes.rtf in Resources */,
				8D5EACE9252CE407006EBCD6 /* Localizable.strings in Resources */,
				B4B19E2525C9F1FB0026E939 /* AppStore_IT.rtf in Resources */,
				E461459524A34831006233AE /* Assets.xcassets in Resources */,
				B41B166525C9740F00E8FD18 /* sensors.json in Resources */,
				8D815A2C25A641D80060AC85 /* AppStore_DE.rtf in Resources */,
				8D8533FA25A788A800B8BD2E /* AppStore_ENG.rtf in Resources */,
			);
			runOnlyForDeploymentPostprocessing = 0;
		};
		E461457524A34831006233AE /* Resources */ = {
			isa = PBXResourcesBuildPhase;
			buildActionMask = 2147483647;
			files = (
				B41B166625C9740F00E8FD18 /* sensors.json in Resources */,
				8D3D376F250CBAAF00F11E48 /* Notes.rtf in Resources */,
				E461459624A34831006233AE /* Assets.xcassets in Resources */,
			);
			runOnlyForDeploymentPostprocessing = 0;
		};
		E461457D24A34831006233AE /* Resources */ = {
			isa = PBXResourcesBuildPhase;
			buildActionMask = 2147483647;
			files = (
			);
			runOnlyForDeploymentPostprocessing = 0;
		};
		E461458824A34831006233AE /* Resources */ = {
			isa = PBXResourcesBuildPhase;
			buildActionMask = 2147483647;
			files = (
			);
			runOnlyForDeploymentPostprocessing = 0;
		};
/* End PBXResourcesBuildPhase section */

/* Begin PBXSourcesBuildPhase section */
		8D9B0FC824F3A2E7003502C8 /* Sources */ = {
			isa = PBXSourcesBuildPhase;
			buildActionMask = 2147483647;
			files = (
				8D908970259121820017BAB8 /* HourlyChartView.swift in Sources */,
				8D996DE425A23A2B00724453 /* MonthlyChartView.swift in Sources */,
				8D49A37E250A5095000B26CD /* MainWidgetFile.swift in Sources */,
				8D04196C24F50353003D64D4 /* RiverData.swift in Sources */,
				B4F95C1825C30FBF004C21E1 /* HourlyAggregationViewModel.swift in Sources */,
				8D9B0FE524F3BEA4003502C8 /* WaveShape.swift in Sources */,
				8D908976259121850017BAB8 /* WeeklyChartView.swift in Sources */,
				B4383B0A25C466A0000A6D4F /* GraphWidgetIntent.intentdefinition in Sources */,
				B4F95C3025C313EE004C21E1 /* WeeklyChartShape.swift in Sources */,
				8D737738252BA8750075E04E /* SponsorsViewModel.swift in Sources */,
				B4F95C1025C30F38004C21E1 /* HourlyChartShape.swift in Sources */,
				8DF3BBD9250BB6BB00DBCC37 /* OwnHelpers.swift in Sources */,
				B4383A9A25C3FE79000A6D4F /* WidgetAPILoaders.swift in Sources */,
				8DC0D496250CC4A6009E20B5 /* TempAggregations.swift in Sources */,
				8D9B1AEA24F463290047FAC2 /* Sensor.swift in Sources */,
				8DA7CF102516176300395465 /* TempAggregationsViewModel.swift in Sources */,
				8DD06C3B25A0F0910081250B /* UIDeviceExtension.swift in Sources */,
				8D90897C259121AF0017BAB8 /* Legend.swift in Sources */,
				8D737730252BA7200075E04E /* Sponsor.swift in Sources */,
				B4F95C3825C31604004C21E1 /* MonthlyChartShape.swift in Sources */,
				B4F95C2025C31005004C21E1 /* RangeReplaceableCollectionExtension.swift in Sources */,
				B4383A5A25C3EA61000A6D4F /* SingleSensorWidget.swift in Sources */,
				B4383A7125C3F939000A6D4F /* SingleSensorGraphWidget.swift in Sources */,
				8DA7CEF62516108000395465 /* SensorListViewModel.swift in Sources */,
				B4F95C2825C312F0004C21E1 /* WeeklyAggregationsViewModel.swift in Sources */,
				8DA7CF03251611C800395465 /* SingleSensorViewModel.swift in Sources */,
				8D2A3F37250CF1EF0070B4CB /* Helpers.swift in Sources */,
				8D04196B24F50353003D64D4 /* LakesData.swift in Sources */,
			);
			runOnlyForDeploymentPostprocessing = 0;
		};
		E461456B24A34831006233AE /* Sources */ = {
			isa = PBXSourcesBuildPhase;
			buildActionMask = 2147483647;
			files = (
				E461459124A34831006233AE /* GfrorliApp.swift in Sources */,
				8DF3BBD8250BB6BB00DBCC37 /* OwnHelpers.swift in Sources */,
				8DF3BBCB250B709700DBCC37 /* AllSensorView.swift in Sources */,
				8D6A7DC624F14115009A0026 /* LakeOverView.swift in Sources */,
				8D580B59259FA33800202262 /* FAQView.swift in Sources */,
				B4B37A4925C2C1D500DA76A5 /* AsyncContentView.swift in Sources */,
				8D4731B124F3F93200EE5536 /* WidgetSettingsView.swift in Sources */,
				8DD06C3025A0EF290081250B /* UIDeviceExtension.swift in Sources */,
				8DA7CF0F2516176300395465 /* TempAggregationsViewModel.swift in Sources */,
				B4383B0925C466A0000A6D4F /* GraphWidgetIntent.intentdefinition in Sources */,
				8DF3BBCD250B748800DBCC37 /* SearchBar.swift in Sources */,
				B4B37A5625C2C43400DA76A5 /* LoadableObject.swift in Sources */,
				8D9B0FE424F3BEA4003502C8 /* WaveShape.swift in Sources */,
				E4C24FE724EEB58400FB4F51 /* Sensor.swift in Sources */,
				B4F95C0825C2EC46004C21E1 /* ViewExtensions.swift in Sources */,
				8D0D7FE624F107D30068176C /* SettingsView.swift in Sources */,
				B4C3A9B825EECE530059FCF0 /* AboutView.swift in Sources */,
				8D0D7FEA24F1109A0068176C /* ScrollItem.swift in Sources */,
				8DA7CF02251611C800395465 /* SingleSensorViewModel.swift in Sources */,
				8D0D7FE824F10F610068176C /* LakesData.swift in Sources */,
				8DBC3C4B25756C080010D55B /* HourlyChartView.swift in Sources */,
				8D04196A24F50349003D64D4 /* RiverData.swift in Sources */,
				8D996DE325A23A2B00724453 /* MonthlyChartView.swift in Sources */,
				8D3D36F2250BBEF000F11E48 /* SensorOverviewSponsorView.swift in Sources */,
				B4383A7725C3F93C000A6D4F /* SingleSensorGraphWidget.swift in Sources */,
				B43568D225E3B31F00AA2B40 /* LocationNotificationHandler.swift in Sources */,
				8D737737252BA8750075E04E /* SponsorsViewModel.swift in Sources */,
				8D04196824F50258003D64D4 /* SensorScrollItem.swift in Sources */,
				E44EA3AD24EEA7EA00380E27 /* MapExtension.swift in Sources */,
				B4383AA525C3FE7E000A6D4F /* WidgetAPILoaders.swift in Sources */,
				8D0D7FE424F107C10068176C /* FavoritesView.swift in Sources */,
				B4F95C1F25C31005004C21E1 /* RangeReplaceableCollectionExtension.swift in Sources */,
				8DD06C2925A0E7340081250B /* GroupBoxExtension.swift in Sources */,
				8D3D36F0250BBC8500F11E48 /* SensorOverViewGraph.swift in Sources */,
				8DA7CEF52516108000395465 /* SensorListViewModel.swift in Sources */,
				8D05A2DB253F645300E7C1BD /* PreViewExtension.swift in Sources */,
				B4F95C3725C31604004C21E1 /* MonthlyChartShape.swift in Sources */,
				8DBCDB8F2576C4C400CBDAA6 /* WeeklyChartView.swift in Sources */,
				B4F95C0F25C30F38004C21E1 /* HourlyChartShape.swift in Sources */,
				B4F95C2F25C313EE004C21E1 /* WeeklyChartShape.swift in Sources */,
				8D50670324F7F33400E426DE /* Helpers.swift in Sources */,
				8D6A7DC824F15187009A0026 /* SensorOverView.swift in Sources */,
				8DF3BBC9250B4F2700DBCC37 /* URLExtension.swift in Sources */,
				B4F95C2725C312F0004C21E1 /* WeeklyAggregationsViewModel.swift in Sources */,
				8D5D25CB257A98D1002852F4 /* SensorListItem.swift in Sources */,
				8DF3BBD5250BB62D00DBCC37 /* SensorOverviewLastMeasurementView.swift in Sources */,
				8D73772F252BA7200075E04E /* Sponsor.swift in Sources */,
				E4C24FE924EEB5AA00FB4F51 /* TempAggregations.swift in Sources */,
				8D0D7FE224F107B60068176C /* OverView.swift in Sources */,
				8DBCDB962576D55800CBDAA6 /* Legend.swift in Sources */,
				8D2701C725153082007BB0E1 /* LoadingView.swift in Sources */,
				B43568DA25E3C91500AA2B40 /* LocationHandler.swift in Sources */,
				B4BDEF3125E40EEB00A82E16 /* SensorNotificationView.swift in Sources */,
				B4F95C1725C30FBF004C21E1 /* HourlyAggregationViewModel.swift in Sources */,
				8DCB9A58257972E30063C628 /* SensorOverviewMap.swift in Sources */,
				E438B4CC24ACFB7D008A2E01 /* iOSMainView.swift in Sources */,
				8D7E98BD257025EC00BC32EB /* ColorExtension.swift in Sources */,
			);
			runOnlyForDeploymentPostprocessing = 0;
		};
		E461457324A34831006233AE /* Sources */ = {
			isa = PBXSourcesBuildPhase;
			buildActionMask = 2147483647;
			files = (
				E461459224A34831006233AE /* GfrorliApp.swift in Sources */,
				B4B37A4A25C2C1D500DA76A5 /* AsyncContentView.swift in Sources */,
				B4B37A5725C2C43400DA76A5 /* LoadableObject.swift in Sources */,
			);
			runOnlyForDeploymentPostprocessing = 0;
		};
		E461457B24A34831006233AE /* Sources */ = {
			isa = PBXSourcesBuildPhase;
			buildActionMask = 2147483647;
			files = (
				E461458424A34831006233AE /* Tests_iOS.swift in Sources */,
			);
			runOnlyForDeploymentPostprocessing = 0;
		};
		E461458624A34831006233AE /* Sources */ = {
			isa = PBXSourcesBuildPhase;
			buildActionMask = 2147483647;
			files = (
				E461458F24A34831006233AE /* Tests_macOS.swift in Sources */,
			);
			runOnlyForDeploymentPostprocessing = 0;
		};
/* End PBXSourcesBuildPhase section */

/* Begin PBXTargetDependency section */
		8D9B0FD924F3A2E8003502C8 /* PBXTargetDependency */ = {
			isa = PBXTargetDependency;
			target = 8D9B0FCB24F3A2E7003502C8 /* Widgets */;
			targetProxy = 8D9B0FD824F3A2E8003502C8 /* PBXContainerItemProxy */;
		};
		E461458124A34831006233AE /* PBXTargetDependency */ = {
			isa = PBXTargetDependency;
			target = E461456E24A34831006233AE /* iOS */;
			targetProxy = E461458024A34831006233AE /* PBXContainerItemProxy */;
		};
		E461458C24A34831006233AE /* PBXTargetDependency */ = {
			isa = PBXTargetDependency;
			target = E461457624A34831006233AE /* macOS */;
			targetProxy = E461458B24A34831006233AE /* PBXContainerItemProxy */;
		};
/* End PBXTargetDependency section */

/* Begin PBXVariantGroup section */
		8D5EACEC252CE407006EBCD6 /* Localizable.strings */ = {
			isa = PBXVariantGroup;
			children = (
				8D5EACEB252CE407006EBCD6 /* en */,
				8D5EACF2252CE414006EBCD6 /* de */,
				8D5EACF8252CE442006EBCD6 /* fr */,
				8D815A1E25A475590060AC85 /* gsw */,
				8D815A2425A476D80060AC85 /* rm-CH */,
				B4F95C4625C31975004C21E1 /* it */,
			);
			name = Localizable.strings;
			sourceTree = "<group>";
		};
		B4383B0C25C466A0000A6D4F /* GraphWidgetIntent.intentdefinition */ = {
			isa = PBXVariantGroup;
			children = (
				B4383B1325C466A7000A6D4F /* fr */,
				B4383B1525C466B6000A6D4F /* de */,
				B4383B1725C466B7000A6D4F /* it */,
				B4383B1925C466BA000A6D4F /* rm-CH */,
				B4383B1C25C466C3000A6D4F /* gsw */,
				B4383B2C25C46C67000A6D4F /* Base */,
				B4383B2E25C46C77000A6D4F /* en */,
			);
			name = GraphWidgetIntent.intentdefinition;
			sourceTree = "<group>";
		};
/* End PBXVariantGroup section */

/* Begin XCBuildConfiguration section */
		8D9B0FDC24F3A2E8003502C8 /* Debug */ = {
			isa = XCBuildConfiguration;
			buildSettings = {
				ASSETCATALOG_COMPILER_GLOBAL_ACCENT_COLOR_NAME = AccentColor;
				ASSETCATALOG_COMPILER_WIDGET_BACKGROUND_COLOR_NAME = WidgetBackground;
				CODE_SIGN_ENTITLEMENTS = GfroerliWidgetExtension.entitlements;
				CODE_SIGN_STYLE = Automatic;
				CURRENT_PROJECT_VERSION = 20210202;
				DEVELOPMENT_TEAM = VDVQE324N6;
				INFOPLIST_FILE = GfroerliWidget/Info.plist;
				LD_RUNPATH_SEARCH_PATHS = (
					"$(inherited)",
					"@executable_path/Frameworks",
					"@executable_path/../../Frameworks",
				);
				MARKETING_VERSION = 1.1;
				PRODUCT_BUNDLE_IDENTIFIER = ch.coredump.gfroerli.widget;
				PRODUCT_NAME = "$(TARGET_NAME)";
				SDKROOT = iphoneos;
				SKIP_INSTALL = YES;
				SWIFT_VERSION = 5.0;
				TARGETED_DEVICE_FAMILY = 1;
			};
			name = Debug;
		};
		8D9B0FDD24F3A2E8003502C8 /* Release */ = {
			isa = XCBuildConfiguration;
			buildSettings = {
				ASSETCATALOG_COMPILER_GLOBAL_ACCENT_COLOR_NAME = AccentColor;
				ASSETCATALOG_COMPILER_WIDGET_BACKGROUND_COLOR_NAME = WidgetBackground;
				CODE_SIGN_ENTITLEMENTS = WidgetsRelease.entitlements;
				CODE_SIGN_STYLE = Automatic;
				CURRENT_PROJECT_VERSION = 20210202;
				DEVELOPMENT_TEAM = VDVQE324N6;
				INFOPLIST_FILE = GfroerliWidget/Info.plist;
				LD_RUNPATH_SEARCH_PATHS = (
					"$(inherited)",
					"@executable_path/Frameworks",
					"@executable_path/../../Frameworks",
				);
				MARKETING_VERSION = 1.1;
				PRODUCT_BUNDLE_IDENTIFIER = ch.coredump.gfroerli.widget;
				PRODUCT_NAME = "$(TARGET_NAME)";
				SDKROOT = iphoneos;
				SKIP_INSTALL = YES;
				SWIFT_VERSION = 5.0;
				TARGETED_DEVICE_FAMILY = 1;
				VALIDATE_PRODUCT = YES;
			};
			name = Release;
		};
		E461459724A34831006233AE /* Debug */ = {
			isa = XCBuildConfiguration;
			buildSettings = {
				ALWAYS_SEARCH_USER_PATHS = NO;
				CLANG_ANALYZER_LOCALIZABILITY_NONLOCALIZED = YES;
				CLANG_ANALYZER_NONNULL = YES;
				CLANG_ANALYZER_NUMBER_OBJECT_CONVERSION = YES_AGGRESSIVE;
				CLANG_CXX_LANGUAGE_STANDARD = "gnu++14";
				CLANG_CXX_LIBRARY = "libc++";
				CLANG_ENABLE_MODULES = YES;
				CLANG_ENABLE_OBJC_ARC = YES;
				CLANG_ENABLE_OBJC_WEAK = YES;
				CLANG_WARN_BLOCK_CAPTURE_AUTORELEASING = YES;
				CLANG_WARN_BOOL_CONVERSION = YES;
				CLANG_WARN_COMMA = YES;
				CLANG_WARN_CONSTANT_CONVERSION = YES;
				CLANG_WARN_DEPRECATED_OBJC_IMPLEMENTATIONS = YES;
				CLANG_WARN_DIRECT_OBJC_ISA_USAGE = YES_ERROR;
				CLANG_WARN_DOCUMENTATION_COMMENTS = YES;
				CLANG_WARN_EMPTY_BODY = YES;
				CLANG_WARN_ENUM_CONVERSION = YES;
				CLANG_WARN_INFINITE_RECURSION = YES;
				CLANG_WARN_INT_CONVERSION = YES;
				CLANG_WARN_NON_LITERAL_NULL_CONVERSION = YES;
				CLANG_WARN_OBJC_IMPLICIT_RETAIN_SELF = YES;
				CLANG_WARN_OBJC_LITERAL_CONVERSION = YES;
				CLANG_WARN_OBJC_ROOT_CLASS = YES_ERROR;
				CLANG_WARN_QUOTED_INCLUDE_IN_FRAMEWORK_HEADER = YES;
				CLANG_WARN_RANGE_LOOP_ANALYSIS = YES;
				CLANG_WARN_STRICT_PROTOTYPES = YES;
				CLANG_WARN_SUSPICIOUS_MOVE = YES;
				CLANG_WARN_UNGUARDED_AVAILABILITY = YES_AGGRESSIVE;
				CLANG_WARN_UNREACHABLE_CODE = YES;
				CLANG_WARN__DUPLICATE_METHOD_MATCH = YES;
				COPY_PHASE_STRIP = NO;
				DEBUG_INFORMATION_FORMAT = dwarf;
				ENABLE_STRICT_OBJC_MSGSEND = YES;
				ENABLE_TESTABILITY = YES;
				GCC_C_LANGUAGE_STANDARD = gnu11;
				GCC_DYNAMIC_NO_PIC = NO;
				GCC_NO_COMMON_BLOCKS = YES;
				GCC_OPTIMIZATION_LEVEL = 0;
				GCC_PREPROCESSOR_DEFINITIONS = (
					"DEBUG=1",
					"$(inherited)",
				);
				GCC_WARN_64_TO_32_BIT_CONVERSION = YES;
				GCC_WARN_ABOUT_RETURN_TYPE = YES_ERROR;
				GCC_WARN_UNDECLARED_SELECTOR = YES;
				GCC_WARN_UNINITIALIZED_AUTOS = YES_AGGRESSIVE;
				GCC_WARN_UNUSED_FUNCTION = YES;
				GCC_WARN_UNUSED_VARIABLE = YES;
				IPHONEOS_DEPLOYMENT_TARGET = 14.0;
				MACOSX_DEPLOYMENT_TARGET = 10.16;
				MTL_ENABLE_DEBUG_INFO = INCLUDE_SOURCE;
				MTL_FAST_MATH = YES;
				ONLY_ACTIVE_ARCH = YES;
				SWIFT_ACTIVE_COMPILATION_CONDITIONS = DEBUG;
				SWIFT_OPTIMIZATION_LEVEL = "-Onone";
			};
			name = Debug;
		};
		E461459824A34831006233AE /* Release */ = {
			isa = XCBuildConfiguration;
			buildSettings = {
				ALWAYS_SEARCH_USER_PATHS = NO;
				CLANG_ANALYZER_LOCALIZABILITY_NONLOCALIZED = YES;
				CLANG_ANALYZER_NONNULL = YES;
				CLANG_ANALYZER_NUMBER_OBJECT_CONVERSION = YES_AGGRESSIVE;
				CLANG_CXX_LANGUAGE_STANDARD = "gnu++14";
				CLANG_CXX_LIBRARY = "libc++";
				CLANG_ENABLE_MODULES = YES;
				CLANG_ENABLE_OBJC_ARC = YES;
				CLANG_ENABLE_OBJC_WEAK = YES;
				CLANG_WARN_BLOCK_CAPTURE_AUTORELEASING = YES;
				CLANG_WARN_BOOL_CONVERSION = YES;
				CLANG_WARN_COMMA = YES;
				CLANG_WARN_CONSTANT_CONVERSION = YES;
				CLANG_WARN_DEPRECATED_OBJC_IMPLEMENTATIONS = YES;
				CLANG_WARN_DIRECT_OBJC_ISA_USAGE = YES_ERROR;
				CLANG_WARN_DOCUMENTATION_COMMENTS = YES;
				CLANG_WARN_EMPTY_BODY = YES;
				CLANG_WARN_ENUM_CONVERSION = YES;
				CLANG_WARN_INFINITE_RECURSION = YES;
				CLANG_WARN_INT_CONVERSION = YES;
				CLANG_WARN_NON_LITERAL_NULL_CONVERSION = YES;
				CLANG_WARN_OBJC_IMPLICIT_RETAIN_SELF = YES;
				CLANG_WARN_OBJC_LITERAL_CONVERSION = YES;
				CLANG_WARN_OBJC_ROOT_CLASS = YES_ERROR;
				CLANG_WARN_QUOTED_INCLUDE_IN_FRAMEWORK_HEADER = YES;
				CLANG_WARN_RANGE_LOOP_ANALYSIS = YES;
				CLANG_WARN_STRICT_PROTOTYPES = YES;
				CLANG_WARN_SUSPICIOUS_MOVE = YES;
				CLANG_WARN_UNGUARDED_AVAILABILITY = YES_AGGRESSIVE;
				CLANG_WARN_UNREACHABLE_CODE = YES;
				CLANG_WARN__DUPLICATE_METHOD_MATCH = YES;
				COPY_PHASE_STRIP = NO;
				DEBUG_INFORMATION_FORMAT = "dwarf-with-dsym";
				ENABLE_NS_ASSERTIONS = NO;
				ENABLE_STRICT_OBJC_MSGSEND = YES;
				GCC_C_LANGUAGE_STANDARD = gnu11;
				GCC_NO_COMMON_BLOCKS = YES;
				GCC_WARN_64_TO_32_BIT_CONVERSION = YES;
				GCC_WARN_ABOUT_RETURN_TYPE = YES_ERROR;
				GCC_WARN_UNDECLARED_SELECTOR = YES;
				GCC_WARN_UNINITIALIZED_AUTOS = YES_AGGRESSIVE;
				GCC_WARN_UNUSED_FUNCTION = YES;
				GCC_WARN_UNUSED_VARIABLE = YES;
				IPHONEOS_DEPLOYMENT_TARGET = 14.0;
				MACOSX_DEPLOYMENT_TARGET = 10.16;
				MTL_ENABLE_DEBUG_INFO = NO;
				MTL_FAST_MATH = YES;
				SWIFT_COMPILATION_MODE = wholemodule;
				SWIFT_OPTIMIZATION_LEVEL = "-O";
			};
			name = Release;
		};
		E461459A24A34831006233AE /* Debug */ = {
			isa = XCBuildConfiguration;
			buildSettings = {
				ALWAYS_EMBED_SWIFT_STANDARD_LIBRARIES = YES;
				ASSETCATALOG_COMPILER_APPICON_NAME = AppIcon;
				ASSETCATALOG_COMPILER_GLOBAL_ACCENT_COLOR_NAME = AccentColor;
				CODE_SIGN_ENTITLEMENTS = iOS/Gfror.li.entitlements;
				CODE_SIGN_STYLE = Automatic;
				CURRENT_PROJECT_VERSION = 20210202;
				DEVELOPMENT_TEAM = VDVQE324N6;
				ENABLE_PREVIEWS = YES;
				INFOPLIST_FILE = iOS/Info.plist;
				IPHONEOS_DEPLOYMENT_TARGET = 14.0;
				LD_RUNPATH_SEARCH_PATHS = (
					"$(inherited)",
					"@executable_path/Frameworks",
				);
				MARKETING_VERSION = 1.1;
				PRODUCT_BUNDLE_IDENTIFIER = ch.coredump.gfroerli;
				PRODUCT_NAME = Gfror.li;
				SDKROOT = iphoneos;
				SWIFT_VERSION = 5.0;
				TARGETED_DEVICE_FAMILY = 1;
			};
			name = Debug;
		};
		E461459B24A34831006233AE /* Release */ = {
			isa = XCBuildConfiguration;
			buildSettings = {
				ALWAYS_EMBED_SWIFT_STANDARD_LIBRARIES = YES;
				ASSETCATALOG_COMPILER_APPICON_NAME = AppIcon;
				ASSETCATALOG_COMPILER_GLOBAL_ACCENT_COLOR_NAME = AccentColor;
				CODE_SIGN_ENTITLEMENTS = iOS/Gfror.liRelease.entitlements;
				CODE_SIGN_IDENTITY = "Apple Development";
				CODE_SIGN_STYLE = Automatic;
				CURRENT_PROJECT_VERSION = 20210202;
				DEVELOPMENT_TEAM = VDVQE324N6;
				ENABLE_PREVIEWS = YES;
				INFOPLIST_FILE = iOS/Info.plist;
				IPHONEOS_DEPLOYMENT_TARGET = 14.0;
				LD_RUNPATH_SEARCH_PATHS = (
					"$(inherited)",
					"@executable_path/Frameworks",
				);
				MARKETING_VERSION = 1.1;
				PRODUCT_BUNDLE_IDENTIFIER = ch.coredump.gfroerli;
				PRODUCT_NAME = Gfror.li;
				PROVISIONING_PROFILE_SPECIFIER = "";
				SDKROOT = iphoneos;
				SWIFT_VERSION = 5.0;
				TARGETED_DEVICE_FAMILY = 1;
				VALIDATE_PRODUCT = YES;
			};
			name = Release;
		};
		E461459D24A34831006233AE /* Debug */ = {
			isa = XCBuildConfiguration;
			buildSettings = {
				ASSETCATALOG_COMPILER_APPICON_NAME = AppIcon;
				ASSETCATALOG_COMPILER_GLOBAL_ACCENT_COLOR_NAME = AccentColor;
				CODE_SIGN_ENTITLEMENTS = macOS/macOS.entitlements;
				CODE_SIGN_IDENTITY = "-";
				CODE_SIGN_STYLE = Automatic;
				COMBINE_HIDPI_IMAGES = YES;
				DEVELOPMENT_TEAM = VDVQE324N6;
				ENABLE_HARDENED_RUNTIME = YES;
				ENABLE_PREVIEWS = YES;
				INFOPLIST_FILE = macOS/Info.plist;
				LD_RUNPATH_SEARCH_PATHS = (
					"$(inherited)",
					"@executable_path/../Frameworks",
				);
				MACOSX_DEPLOYMENT_TARGET = 10.16;
				PRODUCT_BUNDLE_IDENTIFIER = "ch.nliechti.Gfro-r-li";
				PRODUCT_NAME = Gfror.li;
				SDKROOT = macosx;
				SWIFT_VERSION = 5.0;
			};
			name = Debug;
		};
		E461459E24A34831006233AE /* Release */ = {
			isa = XCBuildConfiguration;
			buildSettings = {
				ASSETCATALOG_COMPILER_APPICON_NAME = AppIcon;
				ASSETCATALOG_COMPILER_GLOBAL_ACCENT_COLOR_NAME = AccentColor;
				CODE_SIGN_ENTITLEMENTS = macOS/macOS.entitlements;
				CODE_SIGN_IDENTITY = "-";
				CODE_SIGN_STYLE = Automatic;
				COMBINE_HIDPI_IMAGES = YES;
				DEVELOPMENT_TEAM = VDVQE324N6;
				ENABLE_HARDENED_RUNTIME = YES;
				ENABLE_PREVIEWS = YES;
				INFOPLIST_FILE = macOS/Info.plist;
				LD_RUNPATH_SEARCH_PATHS = (
					"$(inherited)",
					"@executable_path/../Frameworks",
				);
				MACOSX_DEPLOYMENT_TARGET = 10.16;
				PRODUCT_BUNDLE_IDENTIFIER = ch.coredump.gfroerli;
				PRODUCT_NAME = Gfror.li;
				SDKROOT = macosx;
				SWIFT_VERSION = 5.0;
			};
			name = Release;
		};
		E46145A024A34831006233AE /* Debug */ = {
			isa = XCBuildConfiguration;
			buildSettings = {
				ALWAYS_EMBED_SWIFT_STANDARD_LIBRARIES = YES;
				CODE_SIGN_STYLE = Automatic;
				DEVELOPMENT_TEAM = VDVQE324N6;
				INFOPLIST_FILE = "Tests iOS/Info.plist";
				IPHONEOS_DEPLOYMENT_TARGET = 14.0;
				LD_RUNPATH_SEARCH_PATHS = (
					"$(inherited)",
					"@executable_path/Frameworks",
					"@loader_path/Frameworks",
				);
				PRODUCT_BUNDLE_IDENTIFIER = "ch.nliechti.Tests-iOS";
				PRODUCT_NAME = "$(TARGET_NAME)";
				SDKROOT = iphoneos;
				SWIFT_VERSION = 5.0;
				TARGETED_DEVICE_FAMILY = "1,2";
				TEST_TARGET_NAME = iOS;
			};
			name = Debug;
		};
		E46145A124A34831006233AE /* Release */ = {
			isa = XCBuildConfiguration;
			buildSettings = {
				ALWAYS_EMBED_SWIFT_STANDARD_LIBRARIES = YES;
				CODE_SIGN_STYLE = Automatic;
				DEVELOPMENT_TEAM = VDVQE324N6;
				INFOPLIST_FILE = "Tests iOS/Info.plist";
				IPHONEOS_DEPLOYMENT_TARGET = 14.0;
				LD_RUNPATH_SEARCH_PATHS = (
					"$(inherited)",
					"@executable_path/Frameworks",
					"@loader_path/Frameworks",
				);
				PRODUCT_BUNDLE_IDENTIFIER = "ch.nliechti.Tests-iOS";
				PRODUCT_NAME = "$(TARGET_NAME)";
				SDKROOT = iphoneos;
				SWIFT_VERSION = 5.0;
				TARGETED_DEVICE_FAMILY = "1,2";
				TEST_TARGET_NAME = iOS;
				VALIDATE_PRODUCT = YES;
			};
			name = Release;
		};
		E46145A324A34831006233AE /* Debug */ = {
			isa = XCBuildConfiguration;
			buildSettings = {
				ALWAYS_EMBED_SWIFT_STANDARD_LIBRARIES = YES;
				CODE_SIGN_STYLE = Automatic;
				COMBINE_HIDPI_IMAGES = YES;
				DEVELOPMENT_TEAM = VDVQE324N6;
				INFOPLIST_FILE = "Tests macOS/Info.plist";
				LD_RUNPATH_SEARCH_PATHS = (
					"$(inherited)",
					"@executable_path/../Frameworks",
					"@loader_path/../Frameworks",
				);
				MACOSX_DEPLOYMENT_TARGET = 10.15;
				PRODUCT_BUNDLE_IDENTIFIER = "ch.nliechti.Tests-macOS";
				PRODUCT_NAME = "$(TARGET_NAME)";
				SDKROOT = macosx;
				SWIFT_VERSION = 5.0;
				TEST_TARGET_NAME = macOS;
			};
			name = Debug;
		};
		E46145A424A34831006233AE /* Release */ = {
			isa = XCBuildConfiguration;
			buildSettings = {
				ALWAYS_EMBED_SWIFT_STANDARD_LIBRARIES = YES;
				CODE_SIGN_STYLE = Automatic;
				COMBINE_HIDPI_IMAGES = YES;
				DEVELOPMENT_TEAM = VDVQE324N6;
				INFOPLIST_FILE = "Tests macOS/Info.plist";
				LD_RUNPATH_SEARCH_PATHS = (
					"$(inherited)",
					"@executable_path/../Frameworks",
					"@loader_path/../Frameworks",
				);
				MACOSX_DEPLOYMENT_TARGET = 10.15;
				PRODUCT_BUNDLE_IDENTIFIER = "ch.nliechti.Tests-macOS";
				PRODUCT_NAME = "$(TARGET_NAME)";
				SDKROOT = macosx;
				SWIFT_VERSION = 5.0;
				TEST_TARGET_NAME = macOS;
			};
			name = Release;
		};
/* End XCBuildConfiguration section */

/* Begin XCConfigurationList section */
		8D9B0FDE24F3A2E8003502C8 /* Build configuration list for PBXNativeTarget "Widgets" */ = {
			isa = XCConfigurationList;
			buildConfigurations = (
				8D9B0FDC24F3A2E8003502C8 /* Debug */,
				8D9B0FDD24F3A2E8003502C8 /* Release */,
			);
			defaultConfigurationIsVisible = 0;
			defaultConfigurationName = Release;
		};
		E461456624A34823006233AE /* Build configuration list for PBXProject "Gfror.li" */ = {
			isa = XCConfigurationList;
			buildConfigurations = (
				E461459724A34831006233AE /* Debug */,
				E461459824A34831006233AE /* Release */,
			);
			defaultConfigurationIsVisible = 0;
			defaultConfigurationName = Release;
		};
		E461459924A34831006233AE /* Build configuration list for PBXNativeTarget "iOS" */ = {
			isa = XCConfigurationList;
			buildConfigurations = (
				E461459A24A34831006233AE /* Debug */,
				E461459B24A34831006233AE /* Release */,
			);
			defaultConfigurationIsVisible = 0;
			defaultConfigurationName = Release;
		};
		E461459C24A34831006233AE /* Build configuration list for PBXNativeTarget "macOS" */ = {
			isa = XCConfigurationList;
			buildConfigurations = (
				E461459D24A34831006233AE /* Debug */,
				E461459E24A34831006233AE /* Release */,
			);
			defaultConfigurationIsVisible = 0;
			defaultConfigurationName = Release;
		};
		E461459F24A34831006233AE /* Build configuration list for PBXNativeTarget "Tests iOS" */ = {
			isa = XCConfigurationList;
			buildConfigurations = (
				E46145A024A34831006233AE /* Debug */,
				E46145A124A34831006233AE /* Release */,
			);
			defaultConfigurationIsVisible = 0;
			defaultConfigurationName = Release;
		};
		E46145A224A34831006233AE /* Build configuration list for PBXNativeTarget "Tests macOS" */ = {
			isa = XCConfigurationList;
			buildConfigurations = (
				E46145A324A34831006233AE /* Debug */,
				E46145A424A34831006233AE /* Release */,
			);
			defaultConfigurationIsVisible = 0;
			defaultConfigurationName = Release;
		};
/* End XCConfigurationList section */
	};
	rootObject = E461456324A34823006233AE /* Project object */;
}
